PODS:
  - LibWally (0.0.1)
  - OutputDescriptors (0.0.1)

DEPENDENCIES:
  - LibWally (from `https://github.com/blockchain/LibWally-Swift.git`)
  - OutputDescriptors (from `https://github.com/sjors/output-descriptors-swift.git`, tag `v0.0.1`)

EXTERNAL SOURCES:
  LibWally:
    :git: https://github.com/blockchain/LibWally-Swift.git
    :submodules: true
  OutputDescriptors:
    :git: https://github.com/sjors/output-descriptors-swift.git
    :tag: v0.0.1

CHECKOUT OPTIONS:
  LibWally:
    :commit: a48e4d927cf79a157e2deec0fd86bdbffa444ea4
    :git: https://github.com/blockchain/LibWally-Swift.git
    :submodules: true
  OutputDescriptors:
    :git: https://github.com/sjors/output-descriptors-swift.git
    :tag: v0.0.1

SPEC CHECKSUMS:
  LibWally: 37b7c926e9aa02cc7d4c5a2a2a3a4f8925ea5038
  OutputDescriptors: 700e55b31d3997fb2bf6d9d84f6172ac17a3d573

PODFILE CHECKSUM: 28356c2863737004c5c6459e16ada5f04aac5fb8

COCOAPODS: 1.8.4
