PODS:
  - LibWally (0.0.1)
  - OutputDescriptors (0.0.1)

DEPENDENCIES:
  - LibWally (from `https://github.com/jurvis/libwally-swift.git`, branch `jurvis/cleanup-build-script-2`)
  - OutputDescriptors (from `https://github.com/sjors/output-descriptors-swift.git`, tag `v0.0.2`)

EXTERNAL SOURCES:
  LibWally:
    :branch: jurvis/cleanup-build-script-2
    :git: https://github.com/jurvis/libwally-swift.git
    :submodules: true
  OutputDescriptors:
    :git: https://github.com/sjors/output-descriptors-swift.git
    :tag: v0.0.2

CHECKOUT OPTIONS:
  LibWally:
    :commit: 5f52df6cda2e3c78a1770eaf715ffdacfac1ea5b
    :git: https://github.com/jurvis/libwally-swift.git
    :submodules: true
  OutputDescriptors:
    :git: https://github.com/sjors/output-descriptors-swift.git
    :tag: v0.0.2

SPEC CHECKSUMS:
  LibWally: ce1e98813b64aa26b4cc3a92d3c7f57db97b2fb2
  OutputDescriptors: 700e55b31d3997fb2bf6d9d84f6172ac17a3d573

PODFILE CHECKSUM: a0e48a29555f939bd4d5eeb5736f69b7e767872c

COCOAPODS: 1.11.3
