// !$*UTF8*$!
{
	archiveVersion = 1;
	classes = {
	};
	objectVersion = 51;
	objects = {

/* Begin PBXBuildFile section */
		96637C2447F57A2EB0302F51 /* Pods_MultisigTests.framework in Frameworks */ = {isa = PBXBuildFile; fileRef = 41530191A13C8D1894C64B1D /* Pods_MultisigTests.framework */; };
		A206E805238D65F300786824 /* AppDelegate.swift in Sources */ = {isa = PBXBuildFile; fileRef = A206E804238D65F300786824 /* AppDelegate.swift */; };
		A206E807238D65F300786824 /* SceneDelegate.swift in Sources */ = {isa = PBXBuildFile; fileRef = A206E806238D65F300786824 /* SceneDelegate.swift */; };
		A206E80A238D65F300786824 /* Multisig.xcdatamodeld in Sources */ = {isa = PBXBuildFile; fileRef = A206E808238D65F300786824 /* Multisig.xcdatamodeld */; };
		A206E80C238D65F300786824 /* ContentView.swift in Sources */ = {isa = PBXBuildFile; fileRef = A206E80B238D65F300786824 /* ContentView.swift */; };
		A206E80E238D65FB00786824 /* Assets.xcassets in Resources */ = {isa = PBXBuildFile; fileRef = A206E80D238D65FB00786824 /* Assets.xcassets */; };
		A206E811238D65FB00786824 /* Preview Assets.xcassets in Resources */ = {isa = PBXBuildFile; fileRef = A206E810238D65FB00786824 /* Preview Assets.xcassets */; };
		A206E814238D65FB00786824 /* LaunchScreen.storyboard in Resources */ = {isa = PBXBuildFile; fileRef = A206E812238D65FB00786824 /* LaunchScreen.storyboard */; };
		A206E81F238D65FC00786824 /* MultisigTests.swift in Sources */ = {isa = PBXBuildFile; fileRef = A206E81E238D65FC00786824 /* MultisigTests.swift */; };
		A206E82A238D65FC00786824 /* MultisigUITests.swift in Sources */ = {isa = PBXBuildFile; fileRef = A206E829238D65FC00786824 /* MultisigUITests.swift */; };
		A27180B223A291B500E9F443 /* MultisigAddress.swift in Sources */ = {isa = PBXBuildFile; fileRef = A27180B123A291B500E9F443 /* MultisigAddress.swift */; };
		A27180B623A293EA00E9F443 /* AddressView.swift in Sources */ = {isa = PBXBuildFile; fileRef = A27180B523A293EA00E9F443 /* AddressView.swift */; };
		A27D4BF623A2B4F30055B0B8 /* SettingsView.swift in Sources */ = {isa = PBXBuildFile; fileRef = A27D4BF523A2B4F30055B0B8 /* SettingsView.swift */; };
		A27D4BF823A2B7040055B0B8 /* UserDefaultsManager.swift in Sources */ = {isa = PBXBuildFile; fileRef = A27D4BF723A2B7040055B0B8 /* UserDefaultsManager.swift */; };
		A27D4BFA23A2BA1A0055B0B8 /* BitcoinCoreImport.swift in Sources */ = {isa = PBXBuildFile; fileRef = A27D4BF923A2BA1A0055B0B8 /* BitcoinCoreImport.swift */; };
		A27D4BFC23A2BECC0055B0B8 /* BitcoinCoreImportTests.swift in Sources */ = {isa = PBXBuildFile; fileRef = A27D4BFB23A2BECC0055B0B8 /* BitcoinCoreImportTests.swift */; };
		A29DAAC12391657F006B38D9 /* KeychainEntropyItem.swift in Sources */ = {isa = PBXBuildFile; fileRef = A29DAAC02391657F006B38D9 /* KeychainEntropyItem.swift */; };
		A29DAAC3239180CC006B38D9 /* README.md in Resources */ = {isa = PBXBuildFile; fileRef = A29DAAC2239180CC006B38D9 /* README.md */; };
		A29DAAC523982271006B38D9 /* SettingsViewController.swift in Sources */ = {isa = PBXBuildFile; fileRef = A29DAAC423982271006B38D9 /* SettingsViewController.swift */; };
		A2C800F523A3943000111EAF /* FileViewControllerManager.swift in Sources */ = {isa = PBXBuildFile; fileRef = A2C800F423A3943000111EAF /* FileViewControllerManager.swift */; };
		A2F8575F23991354008A44E6 /* Signer.swift in Sources */ = {isa = PBXBuildFile; fileRef = A2F8575E23991354008A44E6 /* Signer.swift */; };
		A2F85761239918FF008A44E6 /* SignerTests.swift in Sources */ = {isa = PBXBuildFile; fileRef = A2F85760239918FF008A44E6 /* SignerTests.swift */; };
		AE716AF757D96BC11F4F0E17 /* Pods_Multisig.framework in Frameworks */ = {isa = PBXBuildFile; fileRef = F8F3384BDB2BF32D82C91288 /* Pods_Multisig.framework */; };
		C10E267E872CDFB5CD2E41C1 /* Pods_Multisig_MultisigUITests.framework in Frameworks */ = {isa = PBXBuildFile; fileRef = CAE4826CB64559C90D6D5E3A /* Pods_Multisig_MultisigUITests.framework */; };
/* End PBXBuildFile section */

/* Begin PBXContainerItemProxy section */
		A206E81B238D65FC00786824 /* PBXContainerItemProxy */ = {
			isa = PBXContainerItemProxy;
			containerPortal = A206E7F9238D65F300786824 /* Project object */;
			proxyType = 1;
			remoteGlobalIDString = A206E800238D65F300786824;
			remoteInfo = Multisig;
		};
		A206E826238D65FC00786824 /* PBXContainerItemProxy */ = {
			isa = PBXContainerItemProxy;
			containerPortal = A206E7F9238D65F300786824 /* Project object */;
			proxyType = 1;
			remoteGlobalIDString = A206E800238D65F300786824;
			remoteInfo = Multisig;
		};
/* End PBXContainerItemProxy section */

/* Begin PBXFileReference section */
		03787E2407FAE412530052FC /* Pods-Multisig.release.xcconfig */ = {isa = PBXFileReference; includeInIndex = 1; lastKnownFileType = text.xcconfig; name = "Pods-Multisig.release.xcconfig"; path = "Target Support Files/Pods-Multisig/Pods-Multisig.release.xcconfig"; sourceTree = "<group>"; };
		03E754B72B8C0A69CF96ECC6 /* Pods-MultisigTests.release.xcconfig */ = {isa = PBXFileReference; includeInIndex = 1; lastKnownFileType = text.xcconfig; name = "Pods-MultisigTests.release.xcconfig"; path = "Target Support Files/Pods-MultisigTests/Pods-MultisigTests.release.xcconfig"; sourceTree = "<group>"; };
		18164F1856E6D3E381CF90EC /* Pods-Multisig.debug.xcconfig */ = {isa = PBXFileReference; includeInIndex = 1; lastKnownFileType = text.xcconfig; name = "Pods-Multisig.debug.xcconfig"; path = "Target Support Files/Pods-Multisig/Pods-Multisig.debug.xcconfig"; sourceTree = "<group>"; };
		257350CD86D0746C6502196E /* Pods-Multisig-MultisigUITests.debug.xcconfig */ = {isa = PBXFileReference; includeInIndex = 1; lastKnownFileType = text.xcconfig; name = "Pods-Multisig-MultisigUITests.debug.xcconfig"; path = "Target Support Files/Pods-Multisig-MultisigUITests/Pods-Multisig-MultisigUITests.debug.xcconfig"; sourceTree = "<group>"; };
		41530191A13C8D1894C64B1D /* Pods_MultisigTests.framework */ = {isa = PBXFileReference; explicitFileType = wrapper.framework; includeInIndex = 0; path = Pods_MultisigTests.framework; sourceTree = BUILT_PRODUCTS_DIR; };
		8794092D4D7B86DD36D227CF /* Pods-Multisig-MultisigUITests.release.xcconfig */ = {isa = PBXFileReference; includeInIndex = 1; lastKnownFileType = text.xcconfig; name = "Pods-Multisig-MultisigUITests.release.xcconfig"; path = "Target Support Files/Pods-Multisig-MultisigUITests/Pods-Multisig-MultisigUITests.release.xcconfig"; sourceTree = "<group>"; };
		A206E801238D65F300786824 /* Multisig.app */ = {isa = PBXFileReference; explicitFileType = wrapper.application; includeInIndex = 0; path = Multisig.app; sourceTree = BUILT_PRODUCTS_DIR; };
		A206E804238D65F300786824 /* AppDelegate.swift */ = {isa = PBXFileReference; lastKnownFileType = sourcecode.swift; path = AppDelegate.swift; sourceTree = "<group>"; };
		A206E806238D65F300786824 /* SceneDelegate.swift */ = {isa = PBXFileReference; lastKnownFileType = sourcecode.swift; path = SceneDelegate.swift; sourceTree = "<group>"; };
		A206E809238D65F300786824 /* Multisig.xcdatamodel */ = {isa = PBXFileReference; lastKnownFileType = wrapper.xcdatamodel; path = Multisig.xcdatamodel; sourceTree = "<group>"; };
		A206E80B238D65F300786824 /* ContentView.swift */ = {isa = PBXFileReference; lastKnownFileType = sourcecode.swift; path = ContentView.swift; sourceTree = "<group>"; };
		A206E80D238D65FB00786824 /* Assets.xcassets */ = {isa = PBXFileReference; lastKnownFileType = folder.assetcatalog; path = Assets.xcassets; sourceTree = "<group>"; };
		A206E810238D65FB00786824 /* Preview Assets.xcassets */ = {isa = PBXFileReference; lastKnownFileType = folder.assetcatalog; path = "Preview Assets.xcassets"; sourceTree = "<group>"; };
		A206E813238D65FB00786824 /* Base */ = {isa = PBXFileReference; lastKnownFileType = file.storyboard; name = Base; path = Base.lproj/LaunchScreen.storyboard; sourceTree = "<group>"; };
		A206E815238D65FB00786824 /* Info.plist */ = {isa = PBXFileReference; lastKnownFileType = text.plist.xml; path = Info.plist; sourceTree = "<group>"; };
		A206E81A238D65FC00786824 /* MultisigTests.xctest */ = {isa = PBXFileReference; explicitFileType = wrapper.cfbundle; includeInIndex = 0; path = MultisigTests.xctest; sourceTree = BUILT_PRODUCTS_DIR; };
		A206E81E238D65FC00786824 /* MultisigTests.swift */ = {isa = PBXFileReference; lastKnownFileType = sourcecode.swift; path = MultisigTests.swift; sourceTree = "<group>"; };
		A206E820238D65FC00786824 /* Info.plist */ = {isa = PBXFileReference; lastKnownFileType = text.plist.xml; path = Info.plist; sourceTree = "<group>"; };
		A206E825238D65FC00786824 /* MultisigUITests.xctest */ = {isa = PBXFileReference; explicitFileType = wrapper.cfbundle; includeInIndex = 0; path = MultisigUITests.xctest; sourceTree = BUILT_PRODUCTS_DIR; };
		A206E829238D65FC00786824 /* MultisigUITests.swift */ = {isa = PBXFileReference; lastKnownFileType = sourcecode.swift; path = MultisigUITests.swift; sourceTree = "<group>"; };
		A206E82B238D65FC00786824 /* Info.plist */ = {isa = PBXFileReference; lastKnownFileType = text.plist.xml; path = Info.plist; sourceTree = "<group>"; };
		A27180B123A291B500E9F443 /* MultisigAddress.swift */ = {isa = PBXFileReference; lastKnownFileType = sourcecode.swift; path = MultisigAddress.swift; sourceTree = "<group>"; };
		A27180B523A293EA00E9F443 /* AddressView.swift */ = {isa = PBXFileReference; lastKnownFileType = sourcecode.swift; path = AddressView.swift; sourceTree = "<group>"; };
		A27D4BF523A2B4F30055B0B8 /* SettingsView.swift */ = {isa = PBXFileReference; lastKnownFileType = sourcecode.swift; path = SettingsView.swift; sourceTree = "<group>"; };
		A27D4BF723A2B7040055B0B8 /* UserDefaultsManager.swift */ = {isa = PBXFileReference; lastKnownFileType = sourcecode.swift; path = UserDefaultsManager.swift; sourceTree = "<group>"; };
		A27D4BF923A2BA1A0055B0B8 /* BitcoinCoreImport.swift */ = {isa = PBXFileReference; lastKnownFileType = sourcecode.swift; path = BitcoinCoreImport.swift; sourceTree = "<group>"; };
		A27D4BFB23A2BECC0055B0B8 /* BitcoinCoreImportTests.swift */ = {isa = PBXFileReference; lastKnownFileType = sourcecode.swift; path = BitcoinCoreImportTests.swift; sourceTree = "<group>"; };
		A29DAAC02391657F006B38D9 /* KeychainEntropyItem.swift */ = {isa = PBXFileReference; fileEncoding = 4; lastKnownFileType = sourcecode.swift; path = KeychainEntropyItem.swift; sourceTree = "<group>"; };
		A29DAAC2239180CC006B38D9 /* README.md */ = {isa = PBXFileReference; fileEncoding = 4; lastKnownFileType = net.daringfireball.markdown; path = README.md; sourceTree = SOURCE_ROOT; };
		A29DAAC423982271006B38D9 /* SettingsViewController.swift */ = {isa = PBXFileReference; lastKnownFileType = sourcecode.swift; path = SettingsViewController.swift; sourceTree = "<group>"; };
		A2C800F423A3943000111EAF /* FileViewControllerManager.swift */ = {isa = PBXFileReference; lastKnownFileType = sourcecode.swift; path = FileViewControllerManager.swift; sourceTree = "<group>"; };
		A2F8575E23991354008A44E6 /* Signer.swift */ = {isa = PBXFileReference; lastKnownFileType = sourcecode.swift; path = Signer.swift; sourceTree = "<group>"; };
		A2F85760239918FF008A44E6 /* SignerTests.swift */ = {isa = PBXFileReference; lastKnownFileType = sourcecode.swift; path = SignerTests.swift; sourceTree = "<group>"; };
		A451BF0AE21C7337353DD56F /* Pods-MultisigTests.debug.xcconfig */ = {isa = PBXFileReference; includeInIndex = 1; lastKnownFileType = text.xcconfig; name = "Pods-MultisigTests.debug.xcconfig"; path = "Target Support Files/Pods-MultisigTests/Pods-MultisigTests.debug.xcconfig"; sourceTree = "<group>"; };
		CAE4826CB64559C90D6D5E3A /* Pods_Multisig_MultisigUITests.framework */ = {isa = PBXFileReference; explicitFileType = wrapper.framework; includeInIndex = 0; path = Pods_Multisig_MultisigUITests.framework; sourceTree = BUILT_PRODUCTS_DIR; };
		F8F3384BDB2BF32D82C91288 /* Pods_Multisig.framework */ = {isa = PBXFileReference; explicitFileType = wrapper.framework; includeInIndex = 0; path = Pods_Multisig.framework; sourceTree = BUILT_PRODUCTS_DIR; };
/* End PBXFileReference section */

/* Begin PBXFrameworksBuildPhase section */
		A206E7FE238D65F300786824 /* Frameworks */ = {
			isa = PBXFrameworksBuildPhase;
			buildActionMask = 2147483647;
			files = (
				AE716AF757D96BC11F4F0E17 /* Pods_Multisig.framework in Frameworks */,
			);
			runOnlyForDeploymentPostprocessing = 0;
		};
		A206E817238D65FC00786824 /* Frameworks */ = {
			isa = PBXFrameworksBuildPhase;
			buildActionMask = 2147483647;
			files = (
				96637C2447F57A2EB0302F51 /* Pods_MultisigTests.framework in Frameworks */,
			);
			runOnlyForDeploymentPostprocessing = 0;
		};
		A206E822238D65FC00786824 /* Frameworks */ = {
			isa = PBXFrameworksBuildPhase;
			buildActionMask = 2147483647;
			files = (
				C10E267E872CDFB5CD2E41C1 /* Pods_Multisig_MultisigUITests.framework in Frameworks */,
			);
			runOnlyForDeploymentPostprocessing = 0;
		};
/* End PBXFrameworksBuildPhase section */

/* Begin PBXGroup section */
		102B352A73AEA7A1B4069C13 /* Pods */ = {
			isa = PBXGroup;
			children = (
				18164F1856E6D3E381CF90EC /* Pods-Multisig.debug.xcconfig */,
				03787E2407FAE412530052FC /* Pods-Multisig.release.xcconfig */,
				257350CD86D0746C6502196E /* Pods-Multisig-MultisigUITests.debug.xcconfig */,
				8794092D4D7B86DD36D227CF /* Pods-Multisig-MultisigUITests.release.xcconfig */,
				A451BF0AE21C7337353DD56F /* Pods-MultisigTests.debug.xcconfig */,
				03E754B72B8C0A69CF96ECC6 /* Pods-MultisigTests.release.xcconfig */,
			);
			path = Pods;
			sourceTree = "<group>";
		};
		691AC74BF311E9F3C07E2791 /* Frameworks */ = {
			isa = PBXGroup;
			children = (
				F8F3384BDB2BF32D82C91288 /* Pods_Multisig.framework */,
				CAE4826CB64559C90D6D5E3A /* Pods_Multisig_MultisigUITests.framework */,
				41530191A13C8D1894C64B1D /* Pods_MultisigTests.framework */,
			);
			name = Frameworks;
			sourceTree = "<group>";
		};
		A206E7F8238D65F300786824 = {
			isa = PBXGroup;
			children = (
				A206E803238D65F300786824 /* Multisig */,
				A206E81D238D65FC00786824 /* MultisigTests */,
				A206E828238D65FC00786824 /* MultisigUITests */,
				A206E802238D65F300786824 /* Products */,
				102B352A73AEA7A1B4069C13 /* Pods */,
				691AC74BF311E9F3C07E2791 /* Frameworks */,
			);
			sourceTree = "<group>";
		};
		A206E802238D65F300786824 /* Products */ = {
			isa = PBXGroup;
			children = (
				A206E801238D65F300786824 /* Multisig.app */,
				A206E81A238D65FC00786824 /* MultisigTests.xctest */,
				A206E825238D65FC00786824 /* MultisigUITests.xctest */,
			);
			name = Products;
			sourceTree = "<group>";
		};
		A206E803238D65F300786824 /* Multisig */ = {
			isa = PBXGroup;
			children = (
				A29DAAC2239180CC006B38D9 /* README.md */,
				A27180B323A2939A00E9F443 /* Model */,
				A27180B423A293BC00E9F443 /* View */,
				A206E804238D65F300786824 /* AppDelegate.swift */,
				A2C800F423A3943000111EAF /* FileViewControllerManager.swift */,
				A206E806238D65F300786824 /* SceneDelegate.swift */,
				A29DAAC423982271006B38D9 /* SettingsViewController.swift */,
				A206E80D238D65FB00786824 /* Assets.xcassets */,
				A206E812238D65FB00786824 /* LaunchScreen.storyboard */,
				A206E815238D65FB00786824 /* Info.plist */,
				A206E808238D65F300786824 /* Multisig.xcdatamodeld */,
				A206E80F238D65FB00786824 /* Preview Content */,
			);
			path = Multisig;
			sourceTree = "<group>";
		};
		A206E80F238D65FB00786824 /* Preview Content */ = {
			isa = PBXGroup;
			children = (
				A206E810238D65FB00786824 /* Preview Assets.xcassets */,
			);
			path = "Preview Content";
			sourceTree = "<group>";
		};
		A206E81D238D65FC00786824 /* MultisigTests */ = {
			isa = PBXGroup;
			children = (
				A27D4BFB23A2BECC0055B0B8 /* BitcoinCoreImportTests.swift */,
				A2F85760239918FF008A44E6 /* SignerTests.swift */,
				A206E81E238D65FC00786824 /* MultisigTests.swift */,
				A206E820238D65FC00786824 /* Info.plist */,
			);
			path = MultisigTests;
			sourceTree = "<group>";
		};
		A206E828238D65FC00786824 /* MultisigUITests */ = {
			isa = PBXGroup;
			children = (
				A206E829238D65FC00786824 /* MultisigUITests.swift */,
				A206E82B238D65FC00786824 /* Info.plist */,
			);
			path = MultisigUITests;
			sourceTree = "<group>";
		};
		A27180B323A2939A00E9F443 /* Model */ = {
			isa = PBXGroup;
			children = (
				A27D4BF923A2BA1A0055B0B8 /* BitcoinCoreImport.swift */,
				A29DAAC02391657F006B38D9 /* KeychainEntropyItem.swift */,
				A27180B123A291B500E9F443 /* MultisigAddress.swift */,
				A2F8575E23991354008A44E6 /* Signer.swift */,
				A27D4BF723A2B7040055B0B8 /* UserDefaultsManager.swift */,
			);
			path = Model;
			sourceTree = "<group>";
		};
		A27180B423A293BC00E9F443 /* View */ = {
			isa = PBXGroup;
			children = (
				A27180B523A293EA00E9F443 /* AddressView.swift */,
				A206E80B238D65F300786824 /* ContentView.swift */,
				A27D4BF523A2B4F30055B0B8 /* SettingsView.swift */,
			);
			path = View;
			sourceTree = "<group>";
		};
/* End PBXGroup section */

/* Begin PBXNativeTarget section */
		A206E800238D65F300786824 /* Multisig */ = {
			isa = PBXNativeTarget;
			buildConfigurationList = A206E82E238D65FC00786824 /* Build configuration list for PBXNativeTarget "Multisig" */;
			buildPhases = (
				837479018739045E1296A47C /* [CP] Check Pods Manifest.lock */,
				A206E7FD238D65F300786824 /* Sources */,
				A206E7FE238D65F300786824 /* Frameworks */,
				A206E7FF238D65F300786824 /* Resources */,
				B787AEE348A13FEA86C55965 /* [CP] Embed Pods Frameworks */,
			);
			buildRules = (
			);
			dependencies = (
			);
			name = Multisig;
			productName = Multisig;
			productReference = A206E801238D65F300786824 /* Multisig.app */;
			productType = "com.apple.product-type.application";
		};
		A206E819238D65FC00786824 /* MultisigTests */ = {
			isa = PBXNativeTarget;
			buildConfigurationList = A206E831238D65FC00786824 /* Build configuration list for PBXNativeTarget "MultisigTests" */;
			buildPhases = (
				5DC753AB80B556F113FB6A46 /* [CP] Check Pods Manifest.lock */,
				A206E816238D65FC00786824 /* Sources */,
				A206E817238D65FC00786824 /* Frameworks */,
				A206E818238D65FC00786824 /* Resources */,
			);
			buildRules = (
			);
			dependencies = (
				A206E81C238D65FC00786824 /* PBXTargetDependency */,
			);
			name = MultisigTests;
			productName = MultisigTests;
			productReference = A206E81A238D65FC00786824 /* MultisigTests.xctest */;
			productType = "com.apple.product-type.bundle.unit-test";
		};
		A206E824238D65FC00786824 /* MultisigUITests */ = {
			isa = PBXNativeTarget;
			buildConfigurationList = A206E834238D65FC00786824 /* Build configuration list for PBXNativeTarget "MultisigUITests" */;
			buildPhases = (
				091652AD0ECBECFB1FCA5CCD /* [CP] Check Pods Manifest.lock */,
				A206E821238D65FC00786824 /* Sources */,
				A206E822238D65FC00786824 /* Frameworks */,
				A206E823238D65FC00786824 /* Resources */,
				B2DF31B1C0D6B762A14CF5F7 /* [CP] Embed Pods Frameworks */,
			);
			buildRules = (
			);
			dependencies = (
				A206E827238D65FC00786824 /* PBXTargetDependency */,
			);
			name = MultisigUITests;
			productName = MultisigUITests;
			productReference = A206E825238D65FC00786824 /* MultisigUITests.xctest */;
			productType = "com.apple.product-type.bundle.ui-testing";
		};
/* End PBXNativeTarget section */

/* Begin PBXProject section */
		A206E7F9238D65F300786824 /* Project object */ = {
			isa = PBXProject;
			attributes = {
				LastSwiftUpdateCheck = 1120;
				LastUpgradeCheck = 1120;
				ORGANIZATIONNAME = "Purple Dunes";
				TargetAttributes = {
					A206E800238D65F300786824 = {
						CreatedOnToolsVersion = 11.2.1;
					};
					A206E819238D65FC00786824 = {
						CreatedOnToolsVersion = 11.2.1;
						TestTargetID = A206E800238D65F300786824;
					};
					A206E824238D65FC00786824 = {
						CreatedOnToolsVersion = 11.2.1;
						TestTargetID = A206E800238D65F300786824;
					};
				};
			};
			buildConfigurationList = A206E7FC238D65F300786824 /* Build configuration list for PBXProject "Multisig" */;
			compatibilityVersion = "Xcode 9.3";
			developmentRegion = en;
			hasScannedForEncodings = 0;
			knownRegions = (
				en,
				Base,
			);
			mainGroup = A206E7F8238D65F300786824;
			productRefGroup = A206E802238D65F300786824 /* Products */;
			projectDirPath = "";
			projectRoot = "";
			targets = (
				A206E800238D65F300786824 /* Multisig */,
				A206E819238D65FC00786824 /* MultisigTests */,
				A206E824238D65FC00786824 /* MultisigUITests */,
			);
		};
/* End PBXProject section */

/* Begin PBXResourcesBuildPhase section */
		A206E7FF238D65F300786824 /* Resources */ = {
			isa = PBXResourcesBuildPhase;
			buildActionMask = 2147483647;
			files = (
				A206E814238D65FB00786824 /* LaunchScreen.storyboard in Resources */,
				A206E811238D65FB00786824 /* Preview Assets.xcassets in Resources */,
				A29DAAC3239180CC006B38D9 /* README.md in Resources */,
				A206E80E238D65FB00786824 /* Assets.xcassets in Resources */,
			);
			runOnlyForDeploymentPostprocessing = 0;
		};
		A206E818238D65FC00786824 /* Resources */ = {
			isa = PBXResourcesBuildPhase;
			buildActionMask = 2147483647;
			files = (
			);
			runOnlyForDeploymentPostprocessing = 0;
		};
		A206E823238D65FC00786824 /* Resources */ = {
			isa = PBXResourcesBuildPhase;
			buildActionMask = 2147483647;
			files = (
			);
			runOnlyForDeploymentPostprocessing = 0;
		};
/* End PBXResourcesBuildPhase section */

/* Begin PBXShellScriptBuildPhase section */
		091652AD0ECBECFB1FCA5CCD /* [CP] Check Pods Manifest.lock */ = {
			isa = PBXShellScriptBuildPhase;
			buildActionMask = 2147483647;
			files = (
			);
			inputFileListPaths = (
			);
			inputPaths = (
				"${PODS_PODFILE_DIR_PATH}/Podfile.lock",
				"${PODS_ROOT}/Manifest.lock",
			);
			name = "[CP] Check Pods Manifest.lock";
			outputFileListPaths = (
			);
			outputPaths = (
				"$(DERIVED_FILE_DIR)/Pods-Multisig-MultisigUITests-checkManifestLockResult.txt",
			);
			runOnlyForDeploymentPostprocessing = 0;
			shellPath = /bin/sh;
			shellScript = "diff \"${PODS_PODFILE_DIR_PATH}/Podfile.lock\" \"${PODS_ROOT}/Manifest.lock\" > /dev/null\nif [ $? != 0 ] ; then\n    # print error to STDERR\n    echo \"error: The sandbox is not in sync with the Podfile.lock. Run 'pod install' or update your CocoaPods installation.\" >&2\n    exit 1\nfi\n# This output is used by Xcode 'outputs' to avoid re-running this script phase.\necho \"SUCCESS\" > \"${SCRIPT_OUTPUT_FILE_0}\"\n";
			showEnvVarsInLog = 0;
		};
		5DC753AB80B556F113FB6A46 /* [CP] Check Pods Manifest.lock */ = {
			isa = PBXShellScriptBuildPhase;
			buildActionMask = 2147483647;
			files = (
			);
			inputFileListPaths = (
			);
			inputPaths = (
				"${PODS_PODFILE_DIR_PATH}/Podfile.lock",
				"${PODS_ROOT}/Manifest.lock",
			);
			name = "[CP] Check Pods Manifest.lock";
			outputFileListPaths = (
			);
			outputPaths = (
				"$(DERIVED_FILE_DIR)/Pods-MultisigTests-checkManifestLockResult.txt",
			);
			runOnlyForDeploymentPostprocessing = 0;
			shellPath = /bin/sh;
			shellScript = "diff \"${PODS_PODFILE_DIR_PATH}/Podfile.lock\" \"${PODS_ROOT}/Manifest.lock\" > /dev/null\nif [ $? != 0 ] ; then\n    # print error to STDERR\n    echo \"error: The sandbox is not in sync with the Podfile.lock. Run 'pod install' or update your CocoaPods installation.\" >&2\n    exit 1\nfi\n# This output is used by Xcode 'outputs' to avoid re-running this script phase.\necho \"SUCCESS\" > \"${SCRIPT_OUTPUT_FILE_0}\"\n";
			showEnvVarsInLog = 0;
		};
		837479018739045E1296A47C /* [CP] Check Pods Manifest.lock */ = {
			isa = PBXShellScriptBuildPhase;
			buildActionMask = 2147483647;
			files = (
			);
			inputFileListPaths = (
			);
			inputPaths = (
				"${PODS_PODFILE_DIR_PATH}/Podfile.lock",
				"${PODS_ROOT}/Manifest.lock",
			);
			name = "[CP] Check Pods Manifest.lock";
			outputFileListPaths = (
			);
			outputPaths = (
				"$(DERIVED_FILE_DIR)/Pods-Multisig-checkManifestLockResult.txt",
			);
			runOnlyForDeploymentPostprocessing = 0;
			shellPath = /bin/sh;
			shellScript = "diff \"${PODS_PODFILE_DIR_PATH}/Podfile.lock\" \"${PODS_ROOT}/Manifest.lock\" > /dev/null\nif [ $? != 0 ] ; then\n    # print error to STDERR\n    echo \"error: The sandbox is not in sync with the Podfile.lock. Run 'pod install' or update your CocoaPods installation.\" >&2\n    exit 1\nfi\n# This output is used by Xcode 'outputs' to avoid re-running this script phase.\necho \"SUCCESS\" > \"${SCRIPT_OUTPUT_FILE_0}\"\n";
			showEnvVarsInLog = 0;
		};
		B2DF31B1C0D6B762A14CF5F7 /* [CP] Embed Pods Frameworks */ = {
			isa = PBXShellScriptBuildPhase;
			buildActionMask = 2147483647;
			files = (
			);
			inputFileListPaths = (
				"${PODS_ROOT}/Target Support Files/Pods-Multisig-MultisigUITests/Pods-Multisig-MultisigUITests-frameworks-${CONFIGURATION}-input-files.xcfilelist",
			);
			name = "[CP] Embed Pods Frameworks";
			outputFileListPaths = (
				"${PODS_ROOT}/Target Support Files/Pods-Multisig-MultisigUITests/Pods-Multisig-MultisigUITests-frameworks-${CONFIGURATION}-output-files.xcfilelist",
			);
			runOnlyForDeploymentPostprocessing = 0;
			shellPath = /bin/sh;
			shellScript = "\"${PODS_ROOT}/Target Support Files/Pods-Multisig-MultisigUITests/Pods-Multisig-MultisigUITests-frameworks.sh\"\n";
			showEnvVarsInLog = 0;
		};
		B787AEE348A13FEA86C55965 /* [CP] Embed Pods Frameworks */ = {
			isa = PBXShellScriptBuildPhase;
			buildActionMask = 2147483647;
			files = (
			);
			inputFileListPaths = (
				"${PODS_ROOT}/Target Support Files/Pods-Multisig/Pods-Multisig-frameworks-${CONFIGURATION}-input-files.xcfilelist",
			);
			name = "[CP] Embed Pods Frameworks";
			outputFileListPaths = (
				"${PODS_ROOT}/Target Support Files/Pods-Multisig/Pods-Multisig-frameworks-${CONFIGURATION}-output-files.xcfilelist",
			);
			runOnlyForDeploymentPostprocessing = 0;
			shellPath = /bin/sh;
			shellScript = "\"${PODS_ROOT}/Target Support Files/Pods-Multisig/Pods-Multisig-frameworks.sh\"\n";
			showEnvVarsInLog = 0;
		};
/* End PBXShellScriptBuildPhase section */

/* Begin PBXSourcesBuildPhase section */
		A206E7FD238D65F300786824 /* Sources */ = {
			isa = PBXSourcesBuildPhase;
			buildActionMask = 2147483647;
			files = (
				A29DAAC12391657F006B38D9 /* KeychainEntropyItem.swift in Sources */,
				A206E805238D65F300786824 /* AppDelegate.swift in Sources */,
				A206E807238D65F300786824 /* SceneDelegate.swift in Sources */,
				A206E80C238D65F300786824 /* ContentView.swift in Sources */,
				A27D4BF823A2B7040055B0B8 /* UserDefaultsManager.swift in Sources */,
				A206E80A238D65F300786824 /* Multisig.xcdatamodeld in Sources */,
				A27D4BF623A2B4F30055B0B8 /* SettingsView.swift in Sources */,
				A27180B623A293EA00E9F443 /* AddressView.swift in Sources */,
				A2C800F523A3943000111EAF /* FileViewControllerManager.swift in Sources */,
				A29DAAC523982271006B38D9 /* SettingsViewController.swift in Sources */,
				A27180B223A291B500E9F443 /* MultisigAddress.swift in Sources */,
				A27D4BFA23A2BA1A0055B0B8 /* BitcoinCoreImport.swift in Sources */,
				A2F8575F23991354008A44E6 /* Signer.swift in Sources */,
			);
			runOnlyForDeploymentPostprocessing = 0;
		};
		A206E816238D65FC00786824 /* Sources */ = {
			isa = PBXSourcesBuildPhase;
			buildActionMask = 2147483647;
			files = (
				A27D4BFC23A2BECC0055B0B8 /* BitcoinCoreImportTests.swift in Sources */,
				A206E81F238D65FC00786824 /* MultisigTests.swift in Sources */,
				A2F85761239918FF008A44E6 /* SignerTests.swift in Sources */,
			);
			runOnlyForDeploymentPostprocessing = 0;
		};
		A206E821238D65FC00786824 /* Sources */ = {
			isa = PBXSourcesBuildPhase;
			buildActionMask = 2147483647;
			files = (
				A206E82A238D65FC00786824 /* MultisigUITests.swift in Sources */,
			);
			runOnlyForDeploymentPostprocessing = 0;
		};
/* End PBXSourcesBuildPhase section */

/* Begin PBXTargetDependency section */
		A206E81C238D65FC00786824 /* PBXTargetDependency */ = {
			isa = PBXTargetDependency;
			target = A206E800238D65F300786824 /* Multisig */;
			targetProxy = A206E81B238D65FC00786824 /* PBXContainerItemProxy */;
		};
		A206E827238D65FC00786824 /* PBXTargetDependency */ = {
			isa = PBXTargetDependency;
			target = A206E800238D65F300786824 /* Multisig */;
			targetProxy = A206E826238D65FC00786824 /* PBXContainerItemProxy */;
		};
/* End PBXTargetDependency section */

/* Begin PBXVariantGroup section */
		A206E812238D65FB00786824 /* LaunchScreen.storyboard */ = {
			isa = PBXVariantGroup;
			children = (
				A206E813238D65FB00786824 /* Base */,
			);
			name = LaunchScreen.storyboard;
			sourceTree = "<group>";
		};
/* End PBXVariantGroup section */

/* Begin XCBuildConfiguration section */
		A206E82C238D65FC00786824 /* Debug */ = {
			isa = XCBuildConfiguration;
			buildSettings = {
				ALWAYS_SEARCH_USER_PATHS = NO;
				CLANG_ANALYZER_NONNULL = YES;
				CLANG_ANALYZER_NUMBER_OBJECT_CONVERSION = YES_AGGRESSIVE;
				CLANG_CXX_LANGUAGE_STANDARD = "gnu++14";
				CLANG_CXX_LIBRARY = "libc++";
				CLANG_ENABLE_MODULES = YES;
				CLANG_ENABLE_OBJC_ARC = YES;
				CLANG_ENABLE_OBJC_WEAK = YES;
				CLANG_WARN_BLOCK_CAPTURE_AUTORELEASING = YES;
				CLANG_WARN_BOOL_CONVERSION = YES;
				CLANG_WARN_COMMA = YES;
				CLANG_WARN_CONSTANT_CONVERSION = YES;
				CLANG_WARN_DEPRECATED_OBJC_IMPLEMENTATIONS = YES;
				CLANG_WARN_DIRECT_OBJC_ISA_USAGE = YES_ERROR;
				CLANG_WARN_DOCUMENTATION_COMMENTS = YES;
				CLANG_WARN_EMPTY_BODY = YES;
				CLANG_WARN_ENUM_CONVERSION = YES;
				CLANG_WARN_INFINITE_RECURSION = YES;
				CLANG_WARN_INT_CONVERSION = YES;
				CLANG_WARN_NON_LITERAL_NULL_CONVERSION = YES;
				CLANG_WARN_OBJC_IMPLICIT_RETAIN_SELF = YES;
				CLANG_WARN_OBJC_LITERAL_CONVERSION = YES;
				CLANG_WARN_OBJC_ROOT_CLASS = YES_ERROR;
				CLANG_WARN_RANGE_LOOP_ANALYSIS = YES;
				CLANG_WARN_STRICT_PROTOTYPES = YES;
				CLANG_WARN_SUSPICIOUS_MOVE = YES;
				CLANG_WARN_UNGUARDED_AVAILABILITY = YES_AGGRESSIVE;
				CLANG_WARN_UNREACHABLE_CODE = YES;
				CLANG_WARN__DUPLICATE_METHOD_MATCH = YES;
				COPY_PHASE_STRIP = NO;
				DEBUG_INFORMATION_FORMAT = dwarf;
				ENABLE_STRICT_OBJC_MSGSEND = YES;
				ENABLE_TESTABILITY = YES;
				GCC_C_LANGUAGE_STANDARD = gnu11;
				GCC_DYNAMIC_NO_PIC = NO;
				GCC_NO_COMMON_BLOCKS = YES;
				GCC_OPTIMIZATION_LEVEL = 0;
				GCC_PREPROCESSOR_DEFINITIONS = (
					"DEBUG=1",
					"$(inherited)",
				);
				GCC_WARN_64_TO_32_BIT_CONVERSION = YES;
				GCC_WARN_ABOUT_RETURN_TYPE = YES_ERROR;
				GCC_WARN_UNDECLARED_SELECTOR = YES;
				GCC_WARN_UNINITIALIZED_AUTOS = YES_AGGRESSIVE;
				GCC_WARN_UNUSED_FUNCTION = YES;
				GCC_WARN_UNUSED_VARIABLE = YES;
				IPHONEOS_DEPLOYMENT_TARGET = 13.2;
				MTL_ENABLE_DEBUG_INFO = INCLUDE_SOURCE;
				MTL_FAST_MATH = YES;
				ONLY_ACTIVE_ARCH = YES;
				SDKROOT = iphoneos;
				SWIFT_ACTIVE_COMPILATION_CONDITIONS = DEBUG;
				SWIFT_OPTIMIZATION_LEVEL = "-Onone";
			};
			name = Debug;
		};
		A206E82D238D65FC00786824 /* Release */ = {
			isa = XCBuildConfiguration;
			buildSettings = {
				ALWAYS_SEARCH_USER_PATHS = NO;
				CLANG_ANALYZER_NONNULL = YES;
				CLANG_ANALYZER_NUMBER_OBJECT_CONVERSION = YES_AGGRESSIVE;
				CLANG_CXX_LANGUAGE_STANDARD = "gnu++14";
				CLANG_CXX_LIBRARY = "libc++";
				CLANG_ENABLE_MODULES = YES;
				CLANG_ENABLE_OBJC_ARC = YES;
				CLANG_ENABLE_OBJC_WEAK = YES;
				CLANG_WARN_BLOCK_CAPTURE_AUTORELEASING = YES;
				CLANG_WARN_BOOL_CONVERSION = YES;
				CLANG_WARN_COMMA = YES;
				CLANG_WARN_CONSTANT_CONVERSION = YES;
				CLANG_WARN_DEPRECATED_OBJC_IMPLEMENTATIONS = YES;
				CLANG_WARN_DIRECT_OBJC_ISA_USAGE = YES_ERROR;
				CLANG_WARN_DOCUMENTATION_COMMENTS = YES;
				CLANG_WARN_EMPTY_BODY = YES;
				CLANG_WARN_ENUM_CONVERSION = YES;
				CLANG_WARN_INFINITE_RECURSION = YES;
				CLANG_WARN_INT_CONVERSION = YES;
				CLANG_WARN_NON_LITERAL_NULL_CONVERSION = YES;
				CLANG_WARN_OBJC_IMPLICIT_RETAIN_SELF = YES;
				CLANG_WARN_OBJC_LITERAL_CONVERSION = YES;
				CLANG_WARN_OBJC_ROOT_CLASS = YES_ERROR;
				CLANG_WARN_RANGE_LOOP_ANALYSIS = YES;
				CLANG_WARN_STRICT_PROTOTYPES = YES;
				CLANG_WARN_SUSPICIOUS_MOVE = YES;
				CLANG_WARN_UNGUARDED_AVAILABILITY = YES_AGGRESSIVE;
				CLANG_WARN_UNREACHABLE_CODE = YES;
				CLANG_WARN__DUPLICATE_METHOD_MATCH = YES;
				COPY_PHASE_STRIP = NO;
				DEBUG_INFORMATION_FORMAT = "dwarf-with-dsym";
				ENABLE_NS_ASSERTIONS = NO;
				ENABLE_STRICT_OBJC_MSGSEND = YES;
				GCC_C_LANGUAGE_STANDARD = gnu11;
				GCC_NO_COMMON_BLOCKS = YES;
				GCC_WARN_64_TO_32_BIT_CONVERSION = YES;
				GCC_WARN_ABOUT_RETURN_TYPE = YES_ERROR;
				GCC_WARN_UNDECLARED_SELECTOR = YES;
				GCC_WARN_UNINITIALIZED_AUTOS = YES_AGGRESSIVE;
				GCC_WARN_UNUSED_FUNCTION = YES;
				GCC_WARN_UNUSED_VARIABLE = YES;
				IPHONEOS_DEPLOYMENT_TARGET = 13.2;
				MTL_ENABLE_DEBUG_INFO = NO;
				MTL_FAST_MATH = YES;
				SDKROOT = iphoneos;
				SWIFT_COMPILATION_MODE = wholemodule;
				SWIFT_OPTIMIZATION_LEVEL = "-O";
				VALIDATE_PRODUCT = YES;
			};
			name = Release;
		};
		A206E82F238D65FC00786824 /* Debug */ = {
			isa = XCBuildConfiguration;
			baseConfigurationReference = 18164F1856E6D3E381CF90EC /* Pods-Multisig.debug.xcconfig */;
			buildSettings = {
				ASSETCATALOG_COMPILER_APPICON_NAME = AppIcon;
				CODE_SIGN_STYLE = Automatic;
				DEVELOPMENT_ASSET_PATHS = "\"Multisig/Preview Content\"";
				DEVELOPMENT_TEAM = 227MFQPYQ4;
				ENABLE_PREVIEWS = YES;
				INFOPLIST_FILE = Multisig/Info.plist;
				IPHONEOS_DEPLOYMENT_TARGET = 13.2;
				LD_RUNPATH_SEARCH_PATHS = (
					"$(inherited)",
					"@executable_path/Frameworks",
				);
				PRODUCT_BUNDLE_IDENTIFIER = nl.multisig.Multisig;
				PRODUCT_NAME = "$(TARGET_NAME)";
				SWIFT_VERSION = 5.0;
				TARGETED_DEVICE_FAMILY = "1,2";
			};
			name = Debug;
		};
		A206E830238D65FC00786824 /* Release */ = {
			isa = XCBuildConfiguration;
			baseConfigurationReference = 03787E2407FAE412530052FC /* Pods-Multisig.release.xcconfig */;
			buildSettings = {
				ASSETCATALOG_COMPILER_APPICON_NAME = AppIcon;
				CODE_SIGN_STYLE = Automatic;
				DEVELOPMENT_ASSET_PATHS = "\"Multisig/Preview Content\"";
				DEVELOPMENT_TEAM = 227MFQPYQ4;
				ENABLE_PREVIEWS = YES;
				INFOPLIST_FILE = Multisig/Info.plist;
				IPHONEOS_DEPLOYMENT_TARGET = 13.2;
				LD_RUNPATH_SEARCH_PATHS = (
					"$(inherited)",
					"@executable_path/Frameworks",
				);
				PRODUCT_BUNDLE_IDENTIFIER = nl.multisig.Multisig;
				PRODUCT_NAME = "$(TARGET_NAME)";
				SWIFT_VERSION = 5.0;
				TARGETED_DEVICE_FAMILY = "1,2";
			};
			name = Release;
		};
		A206E832238D65FC00786824 /* Debug */ = {
			isa = XCBuildConfiguration;
			baseConfigurationReference = A451BF0AE21C7337353DD56F /* Pods-MultisigTests.debug.xcconfig */;
			buildSettings = {
				ALWAYS_EMBED_SWIFT_STANDARD_LIBRARIES = YES;
				BUNDLE_LOADER = "$(TEST_HOST)";
				CODE_SIGN_STYLE = Automatic;
				DEVELOPMENT_TEAM = 227MFQPYQ4;
				INFOPLIST_FILE = MultisigTests/Info.plist;
				IPHONEOS_DEPLOYMENT_TARGET = 13.2;
				LD_RUNPATH_SEARCH_PATHS = (
					"$(inherited)",
					"@executable_path/Frameworks",
					"@loader_path/Frameworks",
				);
				PRODUCT_BUNDLE_IDENTIFIER = nl.multisig.MultisigTests;
				PRODUCT_NAME = "$(TARGET_NAME)";
				SWIFT_VERSION = 5.0;
				TARGETED_DEVICE_FAMILY = "1,2";
				TEST_HOST = "$(BUILT_PRODUCTS_DIR)/Multisig.app/Multisig";
			};
			name = Debug;
		};
		A206E833238D65FC00786824 /* Release */ = {
			isa = XCBuildConfiguration;
			baseConfigurationReference = 03E754B72B8C0A69CF96ECC6 /* Pods-MultisigTests.release.xcconfig */;
			buildSettings = {
				ALWAYS_EMBED_SWIFT_STANDARD_LIBRARIES = YES;
				BUNDLE_LOADER = "$(TEST_HOST)";
				CODE_SIGN_STYLE = Automatic;
				DEVELOPMENT_TEAM = 227MFQPYQ4;
				INFOPLIST_FILE = MultisigTests/Info.plist;
				IPHONEOS_DEPLOYMENT_TARGET = 13.2;
				LD_RUNPATH_SEARCH_PATHS = (
					"$(inherited)",
					"@executable_path/Frameworks",
					"@loader_path/Frameworks",
				);
				PRODUCT_BUNDLE_IDENTIFIER = nl.multisig.MultisigTests;
				PRODUCT_NAME = "$(TARGET_NAME)";
				SWIFT_VERSION = 5.0;
				TARGETED_DEVICE_FAMILY = "1,2";
				TEST_HOST = "$(BUILT_PRODUCTS_DIR)/Multisig.app/Multisig";
			};
			name = Release;
		};
		A206E835238D65FC00786824 /* Debug */ = {
			isa = XCBuildConfiguration;
			baseConfigurationReference = 257350CD86D0746C6502196E /* Pods-Multisig-MultisigUITests.debug.xcconfig */;
			buildSettings = {
				ALWAYS_EMBED_SWIFT_STANDARD_LIBRARIES = YES;
				CODE_SIGN_STYLE = Automatic;
				DEVELOPMENT_TEAM = 227MFQPYQ4;
				INFOPLIST_FILE = MultisigUITests/Info.plist;
				LD_RUNPATH_SEARCH_PATHS = (
					"$(inherited)",
					"@executable_path/Frameworks",
					"@loader_path/Frameworks",
				);
				PRODUCT_BUNDLE_IDENTIFIER = nl.multisig.MultisigUITests;
				PRODUCT_NAME = "$(TARGET_NAME)";
				SWIFT_VERSION = 5.0;
				TARGETED_DEVICE_FAMILY = "1,2";
				TEST_TARGET_NAME = Multisig;
			};
			name = Debug;
		};
		A206E836238D65FC00786824 /* Release */ = {
			isa = XCBuildConfiguration;
			baseConfigurationReference = 8794092D4D7B86DD36D227CF /* Pods-Multisig-MultisigUITests.release.xcconfig */;
			buildSettings = {
				ALWAYS_EMBED_SWIFT_STANDARD_LIBRARIES = YES;
				CODE_SIGN_STYLE = Automatic;
				DEVELOPMENT_TEAM = 227MFQPYQ4;
				INFOPLIST_FILE = MultisigUITests/Info.plist;
				LD_RUNPATH_SEARCH_PATHS = (
					"$(inherited)",
					"@executable_path/Frameworks",
					"@loader_path/Frameworks",
				);
				PRODUCT_BUNDLE_IDENTIFIER = nl.multisig.MultisigUITests;
				PRODUCT_NAME = "$(TARGET_NAME)";
				SWIFT_VERSION = 5.0;
				TARGETED_DEVICE_FAMILY = "1,2";
				TEST_TARGET_NAME = Multisig;
			};
			name = Release;
		};
/* End XCBuildConfiguration section */

/* Begin XCConfigurationList section */
		A206E7FC238D65F300786824 /* Build configuration list for PBXProject "Multisig" */ = {
			isa = XCConfigurationList;
			buildConfigurations = (
				A206E82C238D65FC00786824 /* Debug */,
				A206E82D238D65FC00786824 /* Release */,
			);
			defaultConfigurationIsVisible = 0;
			defaultConfigurationName = Release;
		};
		A206E82E238D65FC00786824 /* Build configuration list for PBXNativeTarget "Multisig" */ = {
			isa = XCConfigurationList;
			buildConfigurations = (
				A206E82F238D65FC00786824 /* Debug */,
				A206E830238D65FC00786824 /* Release */,
			);
			defaultConfigurationIsVisible = 0;
			defaultConfigurationName = Release;
		};
		A206E831238D65FC00786824 /* Build configuration list for PBXNativeTarget "MultisigTests" */ = {
			isa = XCConfigurationList;
			buildConfigurations = (
				A206E832238D65FC00786824 /* Debug */,
				A206E833238D65FC00786824 /* Release */,
			);
			defaultConfigurationIsVisible = 0;
			defaultConfigurationName = Release;
		};
		A206E834238D65FC00786824 /* Build configuration list for PBXNativeTarget "MultisigUITests" */ = {
			isa = XCConfigurationList;
			buildConfigurations = (
				A206E835238D65FC00786824 /* Debug */,
				A206E836238D65FC00786824 /* Release */,
			);
			defaultConfigurationIsVisible = 0;
			defaultConfigurationName = Release;
		};
/* End XCConfigurationList section */

/* Begin XCVersionGroup section */
		A206E808238D65F300786824 /* Multisig.xcdatamodeld */ = {
			isa = XCVersionGroup;
			children = (
				A206E809238D65F300786824 /* Multisig.xcdatamodel */,
			);
			currentVersion = A206E809238D65F300786824 /* Multisig.xcdatamodel */;
			path = Multisig.xcdatamodeld;
			sourceTree = "<group>";
			versionGroupType = wrapper.xcdatamodel;
		};
/* End XCVersionGroup section */
	};
	rootObject = A206E7F9238D65F300786824 /* Project object */;
}
