// !$*UTF8*$!
{
	archiveVersion = 1;
	classes = {
	};
	objectVersion = 51;
	objects = {

/* Begin PBXBuildFile section */
		1F6A2E586F1545C3C5EFA149 /* Pods_NthKey.framework in Frameworks */ = {isa = PBXBuildFile; fileRef = CA4B65438CE45530547E491B /* Pods_NthKey.framework */; };
		A2067AC123C8549700F46862 /* WalletManager.swift in Sources */ = {isa = PBXBuildFile; fileRef = A2067AC023C8549700F46862 /* WalletManager.swift */; };
		A206E805238D65F300786824 /* AppDelegate.swift in Sources */ = {isa = PBXBuildFile; fileRef = A206E804238D65F300786824 /* AppDelegate.swift */; };
		A206E807238D65F300786824 /* SceneDelegate.swift in Sources */ = {isa = PBXBuildFile; fileRef = A206E806238D65F300786824 /* SceneDelegate.swift */; };
		A206E80C238D65F300786824 /* ContentView.swift in Sources */ = {isa = PBXBuildFile; fileRef = A206E80B238D65F300786824 /* ContentView.swift */; };
		A206E80E238D65FB00786824 /* Assets.xcassets in Resources */ = {isa = PBXBuildFile; fileRef = A206E80D238D65FB00786824 /* Assets.xcassets */; };
		A206E811238D65FB00786824 /* Preview Assets.xcassets in Resources */ = {isa = PBXBuildFile; fileRef = A206E810238D65FB00786824 /* Preview Assets.xcassets */; };
		A206E814238D65FB00786824 /* LaunchScreen.storyboard in Resources */ = {isa = PBXBuildFile; fileRef = A206E812238D65FB00786824 /* LaunchScreen.storyboard */; };
		A206E81F238D65FC00786824 /* MultisigTests.swift in Sources */ = {isa = PBXBuildFile; fileRef = A206E81E238D65FC00786824 /* MultisigTests.swift */; };
		A206E82A238D65FC00786824 /* MultisigUITests.swift in Sources */ = {isa = PBXBuildFile; fileRef = A206E829238D65FC00786824 /* MultisigUITests.swift */; };
		A20D76CE23A406C500A24A38 /* NthKey.xcdatamodeld in Sources */ = {isa = PBXBuildFile; fileRef = A20D76CD23A406AF00A24A38 /* NthKey.xcdatamodeld */; };
		A2229EDE23F9928300231791 /* WalletComposer.swift in Sources */ = {isa = PBXBuildFile; fileRef = A2229EDD23F9928300231791 /* WalletComposer.swift */; };
		A2229EE023F994C700231791 /* WalletComposerTests.swift in Sources */ = {isa = PBXBuildFile; fileRef = A2229EDF23F994C700231791 /* WalletComposerTests.swift */; };
		A27180B223A291B500E9F443 /* MultisigAddress.swift in Sources */ = {isa = PBXBuildFile; fileRef = A27180B123A291B500E9F443 /* MultisigAddress.swift */; };
		A27180B623A293EA00E9F443 /* AddressView.swift in Sources */ = {isa = PBXBuildFile; fileRef = A27180B523A293EA00E9F443 /* AddressView.swift */; };
		A27D4BF623A2B4F30055B0B8 /* SettingsView.swift in Sources */ = {isa = PBXBuildFile; fileRef = A27D4BF523A2B4F30055B0B8 /* SettingsView.swift */; };
		A27D4BFA23A2BA1A0055B0B8 /* BitcoinCoreImport.swift in Sources */ = {isa = PBXBuildFile; fileRef = A27D4BF923A2BA1A0055B0B8 /* BitcoinCoreImport.swift */; };
		A27D4BFC23A2BECC0055B0B8 /* BitcoinCoreImportTests.swift in Sources */ = {isa = PBXBuildFile; fileRef = A27D4BFB23A2BECC0055B0B8 /* BitcoinCoreImportTests.swift */; };
		A285870623AD0B0300930566 /* psbt-128.png in Resources */ = {isa = PBXBuildFile; fileRef = A285870523AD0B0300930566 /* psbt-128.png */; };
		A285870D23AD31C600930566 /* Destination.swift in Sources */ = {isa = PBXBuildFile; fileRef = A285870C23AD31C600930566 /* Destination.swift */; };
		A29DAAC12391657F006B38D9 /* KeychainEntropyItem.swift in Sources */ = {isa = PBXBuildFile; fileRef = A29DAAC02391657F006B38D9 /* KeychainEntropyItem.swift */; };
		A29DAAC3239180CC006B38D9 /* README.md in Resources */ = {isa = PBXBuildFile; fileRef = A29DAAC2239180CC006B38D9 /* README.md */; };
		A29DAAC523982271006B38D9 /* SettingsViewController.swift in Sources */ = {isa = PBXBuildFile; fileRef = A29DAAC423982271006B38D9 /* SettingsViewController.swift */; };
		A2C800F523A3943000111EAF /* FileViewControllerManager.swift in Sources */ = {isa = PBXBuildFile; fileRef = A2C800F423A3943000111EAF /* FileViewControllerManager.swift */; };
		A2C8546023B157F2008E4AA1 /* PSBTManager.swift in Sources */ = {isa = PBXBuildFile; fileRef = A2C8545F23B157F2008E4AA1 /* PSBTManager.swift */; };
		A2E9E37F23ACF1140049645D /* SignView.swift in Sources */ = {isa = PBXBuildFile; fileRef = A2E9E37E23ACF1140049645D /* SignView.swift */; };
		A2E9E38123ACF1A30049645D /* SignViewController.swift in Sources */ = {isa = PBXBuildFile; fileRef = A2E9E38023ACF1A30049645D /* SignViewController.swift */; };
		A2F8575F23991354008A44E6 /* Signer.swift in Sources */ = {isa = PBXBuildFile; fileRef = A2F8575E23991354008A44E6 /* Signer.swift */; };
		A2F85761239918FF008A44E6 /* SignerTests.swift in Sources */ = {isa = PBXBuildFile; fileRef = A2F85760239918FF008A44E6 /* SignerTests.swift */; };
		D9E078D843A0946168D9E8C8 /* Pods_NthKey_NthKeyUITests.framework in Frameworks */ = {isa = PBXBuildFile; fileRef = EC084A378751F9293E3E617F /* Pods_NthKey_NthKeyUITests.framework */; };
		E31E99105AB9A6A021B21A4D /* Pods_NthKeyTests.framework in Frameworks */ = {isa = PBXBuildFile; fileRef = FABD6653C6A4DFA5E5321CCA /* Pods_NthKeyTests.framework */; };
/* End PBXBuildFile section */

/* Begin PBXContainerItemProxy section */
		A206E81B238D65FC00786824 /* PBXContainerItemProxy */ = {
			isa = PBXContainerItemProxy;
			containerPortal = A206E7F9238D65F300786824 /* Project object */;
			proxyType = 1;
			remoteGlobalIDString = A206E800238D65F300786824;
			remoteInfo = Multisig;
		};
		A206E826238D65FC00786824 /* PBXContainerItemProxy */ = {
			isa = PBXContainerItemProxy;
			containerPortal = A206E7F9238D65F300786824 /* Project object */;
			proxyType = 1;
			remoteGlobalIDString = A206E800238D65F300786824;
			remoteInfo = Multisig;
		};
/* End PBXContainerItemProxy section */

/* Begin PBXFileReference section */
		03787E2407FAE412530052FC /* Pods-Multisig.release.xcconfig */ = {isa = PBXFileReference; includeInIndex = 1; lastKnownFileType = text.xcconfig; name = "Pods-Multisig.release.xcconfig"; path = "Target Support Files/Pods-Multisig/Pods-Multisig.release.xcconfig"; sourceTree = "<group>"; };
		03E754B72B8C0A69CF96ECC6 /* Pods-MultisigTests.release.xcconfig */ = {isa = PBXFileReference; includeInIndex = 1; lastKnownFileType = text.xcconfig; name = "Pods-MultisigTests.release.xcconfig"; path = "Target Support Files/Pods-MultisigTests/Pods-MultisigTests.release.xcconfig"; sourceTree = "<group>"; };
		18164F1856E6D3E381CF90EC /* Pods-Multisig.debug.xcconfig */ = {isa = PBXFileReference; includeInIndex = 1; lastKnownFileType = text.xcconfig; name = "Pods-Multisig.debug.xcconfig"; path = "Target Support Files/Pods-Multisig/Pods-Multisig.debug.xcconfig"; sourceTree = "<group>"; };
		257350CD86D0746C6502196E /* Pods-Multisig-MultisigUITests.debug.xcconfig */ = {isa = PBXFileReference; includeInIndex = 1; lastKnownFileType = text.xcconfig; name = "Pods-Multisig-MultisigUITests.debug.xcconfig"; path = "Target Support Files/Pods-Multisig-MultisigUITests/Pods-Multisig-MultisigUITests.debug.xcconfig"; sourceTree = "<group>"; };
		84AF76B40CC938375286A873 /* Pods-NthKeyTests.debug.xcconfig */ = {isa = PBXFileReference; includeInIndex = 1; lastKnownFileType = text.xcconfig; name = "Pods-NthKeyTests.debug.xcconfig"; path = "Target Support Files/Pods-NthKeyTests/Pods-NthKeyTests.debug.xcconfig"; sourceTree = "<group>"; };
		84F9C6E2BA22077B17980104 /* Pods-NthKey-NthKeyUITests.release.xcconfig */ = {isa = PBXFileReference; includeInIndex = 1; lastKnownFileType = text.xcconfig; name = "Pods-NthKey-NthKeyUITests.release.xcconfig"; path = "Target Support Files/Pods-NthKey-NthKeyUITests/Pods-NthKey-NthKeyUITests.release.xcconfig"; sourceTree = "<group>"; };
		8794092D4D7B86DD36D227CF /* Pods-Multisig-MultisigUITests.release.xcconfig */ = {isa = PBXFileReference; includeInIndex = 1; lastKnownFileType = text.xcconfig; name = "Pods-Multisig-MultisigUITests.release.xcconfig"; path = "Target Support Files/Pods-Multisig-MultisigUITests/Pods-Multisig-MultisigUITests.release.xcconfig"; sourceTree = "<group>"; };
		961606B1A1E0A92814FFB0B7 /* Pods-NthKey-NthKeyUITests.debug.xcconfig */ = {isa = PBXFileReference; includeInIndex = 1; lastKnownFileType = text.xcconfig; name = "Pods-NthKey-NthKeyUITests.debug.xcconfig"; path = "Target Support Files/Pods-NthKey-NthKeyUITests/Pods-NthKey-NthKeyUITests.debug.xcconfig"; sourceTree = "<group>"; };
		A2067AC023C8549700F46862 /* WalletManager.swift */ = {isa = PBXFileReference; lastKnownFileType = sourcecode.swift; path = WalletManager.swift; sourceTree = "<group>"; };
		A206E801238D65F300786824 /* NthKey.app */ = {isa = PBXFileReference; explicitFileType = wrapper.application; includeInIndex = 0; path = NthKey.app; sourceTree = BUILT_PRODUCTS_DIR; };
		A206E804238D65F300786824 /* AppDelegate.swift */ = {isa = PBXFileReference; lastKnownFileType = sourcecode.swift; path = AppDelegate.swift; sourceTree = "<group>"; };
		A206E806238D65F300786824 /* SceneDelegate.swift */ = {isa = PBXFileReference; lastKnownFileType = sourcecode.swift; path = SceneDelegate.swift; sourceTree = "<group>"; };
		A206E80B238D65F300786824 /* ContentView.swift */ = {isa = PBXFileReference; lastKnownFileType = sourcecode.swift; path = ContentView.swift; sourceTree = "<group>"; };
		A206E80D238D65FB00786824 /* Assets.xcassets */ = {isa = PBXFileReference; lastKnownFileType = folder.assetcatalog; path = Assets.xcassets; sourceTree = "<group>"; };
		A206E810238D65FB00786824 /* Preview Assets.xcassets */ = {isa = PBXFileReference; lastKnownFileType = folder.assetcatalog; path = "Preview Assets.xcassets"; sourceTree = "<group>"; };
		A206E813238D65FB00786824 /* Base */ = {isa = PBXFileReference; lastKnownFileType = file.storyboard; name = Base; path = Base.lproj/LaunchScreen.storyboard; sourceTree = "<group>"; };
		A206E815238D65FB00786824 /* Info.plist */ = {isa = PBXFileReference; lastKnownFileType = text.plist.xml; path = Info.plist; sourceTree = "<group>"; };
		A206E81A238D65FC00786824 /* NthKeyTests.xctest */ = {isa = PBXFileReference; explicitFileType = wrapper.cfbundle; includeInIndex = 0; path = NthKeyTests.xctest; sourceTree = BUILT_PRODUCTS_DIR; };
		A206E81E238D65FC00786824 /* MultisigTests.swift */ = {isa = PBXFileReference; lastKnownFileType = sourcecode.swift; path = MultisigTests.swift; sourceTree = "<group>"; };
		A206E820238D65FC00786824 /* Info.plist */ = {isa = PBXFileReference; lastKnownFileType = text.plist.xml; path = Info.plist; sourceTree = "<group>"; };
		A206E825238D65FC00786824 /* NthKeyUITests.xctest */ = {isa = PBXFileReference; explicitFileType = wrapper.cfbundle; includeInIndex = 0; path = NthKeyUITests.xctest; sourceTree = BUILT_PRODUCTS_DIR; };
		A206E829238D65FC00786824 /* MultisigUITests.swift */ = {isa = PBXFileReference; lastKnownFileType = sourcecode.swift; path = MultisigUITests.swift; sourceTree = "<group>"; };
		A206E82B238D65FC00786824 /* Info.plist */ = {isa = PBXFileReference; lastKnownFileType = text.plist.xml; path = Info.plist; sourceTree = "<group>"; };
		A20D76CD23A406AF00A24A38 /* NthKey.xcdatamodeld */ = {isa = PBXFileReference; lastKnownFileType = wrapper.xcdatamodeld; name = NthKey.xcdatamodeld; path = NthKey/NthKey.xcdatamodeld; sourceTree = SOURCE_ROOT; };
		A2229EDD23F9928300231791 /* WalletComposer.swift */ = {isa = PBXFileReference; lastKnownFileType = sourcecode.swift; path = WalletComposer.swift; sourceTree = "<group>"; };
		A2229EDF23F994C700231791 /* WalletComposerTests.swift */ = {isa = PBXFileReference; lastKnownFileType = sourcecode.swift; path = WalletComposerTests.swift; sourceTree = "<group>"; };
		A27180B123A291B500E9F443 /* MultisigAddress.swift */ = {isa = PBXFileReference; lastKnownFileType = sourcecode.swift; path = MultisigAddress.swift; sourceTree = "<group>"; };
		A27180B523A293EA00E9F443 /* AddressView.swift */ = {isa = PBXFileReference; lastKnownFileType = sourcecode.swift; path = AddressView.swift; sourceTree = "<group>"; };
		A27D4BF523A2B4F30055B0B8 /* SettingsView.swift */ = {isa = PBXFileReference; lastKnownFileType = sourcecode.swift; path = SettingsView.swift; sourceTree = "<group>"; };
		A27D4BF923A2BA1A0055B0B8 /* BitcoinCoreImport.swift */ = {isa = PBXFileReference; lastKnownFileType = sourcecode.swift; path = BitcoinCoreImport.swift; sourceTree = "<group>"; };
		A27D4BFB23A2BECC0055B0B8 /* BitcoinCoreImportTests.swift */ = {isa = PBXFileReference; lastKnownFileType = sourcecode.swift; path = BitcoinCoreImportTests.swift; sourceTree = "<group>"; };
		A285870523AD0B0300930566 /* psbt-128.png */ = {isa = PBXFileReference; lastKnownFileType = image.png; path = "psbt-128.png"; sourceTree = "<group>"; };
		A285870C23AD31C600930566 /* Destination.swift */ = {isa = PBXFileReference; lastKnownFileType = sourcecode.swift; path = Destination.swift; sourceTree = "<group>"; };
		A29DAAC02391657F006B38D9 /* KeychainEntropyItem.swift */ = {isa = PBXFileReference; fileEncoding = 4; lastKnownFileType = sourcecode.swift; path = KeychainEntropyItem.swift; sourceTree = "<group>"; };
		A29DAAC2239180CC006B38D9 /* README.md */ = {isa = PBXFileReference; fileEncoding = 4; lastKnownFileType = net.daringfireball.markdown; path = README.md; sourceTree = SOURCE_ROOT; };
		A29DAAC423982271006B38D9 /* SettingsViewController.swift */ = {isa = PBXFileReference; lastKnownFileType = sourcecode.swift; path = SettingsViewController.swift; sourceTree = "<group>"; };
		A2C800F423A3943000111EAF /* FileViewControllerManager.swift */ = {isa = PBXFileReference; lastKnownFileType = sourcecode.swift; path = FileViewControllerManager.swift; sourceTree = "<group>"; };
		A2C8545F23B157F2008E4AA1 /* PSBTManager.swift */ = {isa = PBXFileReference; lastKnownFileType = sourcecode.swift; path = PSBTManager.swift; sourceTree = "<group>"; };
		A2E9E37E23ACF1140049645D /* SignView.swift */ = {isa = PBXFileReference; lastKnownFileType = sourcecode.swift; path = SignView.swift; sourceTree = "<group>"; };
		A2E9E38023ACF1A30049645D /* SignViewController.swift */ = {isa = PBXFileReference; lastKnownFileType = sourcecode.swift; path = SignViewController.swift; sourceTree = "<group>"; };
		A2F8575E23991354008A44E6 /* Signer.swift */ = {isa = PBXFileReference; lastKnownFileType = sourcecode.swift; path = Signer.swift; sourceTree = "<group>"; };
		A2F85760239918FF008A44E6 /* SignerTests.swift */ = {isa = PBXFileReference; lastKnownFileType = sourcecode.swift; path = SignerTests.swift; sourceTree = "<group>"; };
		A451BF0AE21C7337353DD56F /* Pods-MultisigTests.debug.xcconfig */ = {isa = PBXFileReference; includeInIndex = 1; lastKnownFileType = text.xcconfig; name = "Pods-MultisigTests.debug.xcconfig"; path = "Target Support Files/Pods-MultisigTests/Pods-MultisigTests.debug.xcconfig"; sourceTree = "<group>"; };
		C15308E93FE31FF32769F0F6 /* Pods-NthKey.release.xcconfig */ = {isa = PBXFileReference; includeInIndex = 1; lastKnownFileType = text.xcconfig; name = "Pods-NthKey.release.xcconfig"; path = "Target Support Files/Pods-NthKey/Pods-NthKey.release.xcconfig"; sourceTree = "<group>"; };
		CA4B65438CE45530547E491B /* Pods_NthKey.framework */ = {isa = PBXFileReference; explicitFileType = wrapper.framework; includeInIndex = 0; path = Pods_NthKey.framework; sourceTree = BUILT_PRODUCTS_DIR; };
		D563F384D6FB8028F125CBCA /* Pods-NthKeyTests.release.xcconfig */ = {isa = PBXFileReference; includeInIndex = 1; lastKnownFileType = text.xcconfig; name = "Pods-NthKeyTests.release.xcconfig"; path = "Target Support Files/Pods-NthKeyTests/Pods-NthKeyTests.release.xcconfig"; sourceTree = "<group>"; };
		DCA6C0E2D91C14D0C6B5CF70 /* Pods-NthKey.debug.xcconfig */ = {isa = PBXFileReference; includeInIndex = 1; lastKnownFileType = text.xcconfig; name = "Pods-NthKey.debug.xcconfig"; path = "Target Support Files/Pods-NthKey/Pods-NthKey.debug.xcconfig"; sourceTree = "<group>"; };
		EC084A378751F9293E3E617F /* Pods_NthKey_NthKeyUITests.framework */ = {isa = PBXFileReference; explicitFileType = wrapper.framework; includeInIndex = 0; path = Pods_NthKey_NthKeyUITests.framework; sourceTree = BUILT_PRODUCTS_DIR; };
		FABD6653C6A4DFA5E5321CCA /* Pods_NthKeyTests.framework */ = {isa = PBXFileReference; explicitFileType = wrapper.framework; includeInIndex = 0; path = Pods_NthKeyTests.framework; sourceTree = BUILT_PRODUCTS_DIR; };
/* End PBXFileReference section */

/* Begin PBXFrameworksBuildPhase section */
		A206E7FE238D65F300786824 /* Frameworks */ = {
			isa = PBXFrameworksBuildPhase;
			buildActionMask = 2147483647;
			files = (
				1F6A2E586F1545C3C5EFA149 /* Pods_NthKey.framework in Frameworks */,
			);
			runOnlyForDeploymentPostprocessing = 0;
		};
		A206E817238D65FC00786824 /* Frameworks */ = {
			isa = PBXFrameworksBuildPhase;
			buildActionMask = 2147483647;
			files = (
				E31E99105AB9A6A021B21A4D /* Pods_NthKeyTests.framework in Frameworks */,
			);
			runOnlyForDeploymentPostprocessing = 0;
		};
		A206E822238D65FC00786824 /* Frameworks */ = {
			isa = PBXFrameworksBuildPhase;
			buildActionMask = 2147483647;
			files = (
				D9E078D843A0946168D9E8C8 /* Pods_NthKey_NthKeyUITests.framework in Frameworks */,
			);
			runOnlyForDeploymentPostprocessing = 0;
		};
/* End PBXFrameworksBuildPhase section */

/* Begin PBXGroup section */
		102B352A73AEA7A1B4069C13 /* Pods */ = {
			isa = PBXGroup;
			children = (
				18164F1856E6D3E381CF90EC /* Pods-Multisig.debug.xcconfig */,
				03787E2407FAE412530052FC /* Pods-Multisig.release.xcconfig */,
				257350CD86D0746C6502196E /* Pods-Multisig-MultisigUITests.debug.xcconfig */,
				8794092D4D7B86DD36D227CF /* Pods-Multisig-MultisigUITests.release.xcconfig */,
				A451BF0AE21C7337353DD56F /* Pods-MultisigTests.debug.xcconfig */,
				03E754B72B8C0A69CF96ECC6 /* Pods-MultisigTests.release.xcconfig */,
				DCA6C0E2D91C14D0C6B5CF70 /* Pods-NthKey.debug.xcconfig */,
				C15308E93FE31FF32769F0F6 /* Pods-NthKey.release.xcconfig */,
				961606B1A1E0A92814FFB0B7 /* Pods-NthKey-NthKeyUITests.debug.xcconfig */,
				84F9C6E2BA22077B17980104 /* Pods-NthKey-NthKeyUITests.release.xcconfig */,
				84AF76B40CC938375286A873 /* Pods-NthKeyTests.debug.xcconfig */,
				D563F384D6FB8028F125CBCA /* Pods-NthKeyTests.release.xcconfig */,
			);
			path = Pods;
			sourceTree = "<group>";
		};
		691AC74BF311E9F3C07E2791 /* Frameworks */ = {
			isa = PBXGroup;
			children = (
				CA4B65438CE45530547E491B /* Pods_NthKey.framework */,
				EC084A378751F9293E3E617F /* Pods_NthKey_NthKeyUITests.framework */,
				FABD6653C6A4DFA5E5321CCA /* Pods_NthKeyTests.framework */,
			);
			name = Frameworks;
			sourceTree = "<group>";
		};
		A206E7F8238D65F300786824 = {
			isa = PBXGroup;
			children = (
				A206E803238D65F300786824 /* NthKey */,
				A206E81D238D65FC00786824 /* NthKeyTests */,
				A206E828238D65FC00786824 /* NthKeyUITests */,
				A206E802238D65F300786824 /* Products */,
				102B352A73AEA7A1B4069C13 /* Pods */,
				691AC74BF311E9F3C07E2791 /* Frameworks */,
			);
			sourceTree = "<group>";
		};
		A206E802238D65F300786824 /* Products */ = {
			isa = PBXGroup;
			children = (
				A206E801238D65F300786824 /* NthKey.app */,
				A206E81A238D65FC00786824 /* NthKeyTests.xctest */,
				A206E825238D65FC00786824 /* NthKeyUITests.xctest */,
			);
			name = Products;
			sourceTree = "<group>";
		};
		A206E803238D65F300786824 /* NthKey */ = {
			isa = PBXGroup;
			children = (
				A285870423AD0AF800930566 /* Artwork */,
				A29DAAC2239180CC006B38D9 /* README.md */,
				A27180B323A2939A00E9F443 /* Model */,
				A27180B423A293BC00E9F443 /* View */,
				A206E804238D65F300786824 /* AppDelegate.swift */,
				A2C800F423A3943000111EAF /* FileViewControllerManager.swift */,
				A206E806238D65F300786824 /* SceneDelegate.swift */,
				A29DAAC423982271006B38D9 /* SettingsViewController.swift */,
				A2E9E38023ACF1A30049645D /* SignViewController.swift */,
				A206E80D238D65FB00786824 /* Assets.xcassets */,
				A206E812238D65FB00786824 /* LaunchScreen.storyboard */,
				A206E815238D65FB00786824 /* Info.plist */,
				A20D76CD23A406AF00A24A38 /* NthKey.xcdatamodeld */,
				A206E80F238D65FB00786824 /* Preview Content */,
			);
			path = NthKey;
			sourceTree = "<group>";
		};
		A206E80F238D65FB00786824 /* Preview Content */ = {
			isa = PBXGroup;
			children = (
				A206E810238D65FB00786824 /* Preview Assets.xcassets */,
			);
			path = "Preview Content";
			sourceTree = "<group>";
		};
		A206E81D238D65FC00786824 /* NthKeyTests */ = {
			isa = PBXGroup;
			children = (
				A27D4BFB23A2BECC0055B0B8 /* BitcoinCoreImportTests.swift */,
				A2229EDF23F994C700231791 /* WalletComposerTests.swift */,
				A2F85760239918FF008A44E6 /* SignerTests.swift */,
				A206E81E238D65FC00786824 /* MultisigTests.swift */,
				A206E820238D65FC00786824 /* Info.plist */,
			);
			path = NthKeyTests;
			sourceTree = "<group>";
		};
		A206E828238D65FC00786824 /* NthKeyUITests */ = {
			isa = PBXGroup;
			children = (
				A206E829238D65FC00786824 /* MultisigUITests.swift */,
				A206E82B238D65FC00786824 /* Info.plist */,
			);
			path = NthKeyUITests;
			sourceTree = "<group>";
		};
		A27180B323A2939A00E9F443 /* Model */ = {
			isa = PBXGroup;
			children = (
				A27D4BF923A2BA1A0055B0B8 /* BitcoinCoreImport.swift */,
				A2229EDD23F9928300231791 /* WalletComposer.swift */,
				A29DAAC02391657F006B38D9 /* KeychainEntropyItem.swift */,
				A27180B123A291B500E9F443 /* MultisigAddress.swift */,
				A2F8575E23991354008A44E6 /* Signer.swift */,
				A2C8545F23B157F2008E4AA1 /* PSBTManager.swift */,
				A2067AC023C8549700F46862 /* WalletManager.swift */,
			);
			path = Model;
			sourceTree = "<group>";
		};
		A27180B423A293BC00E9F443 /* View */ = {
			isa = PBXGroup;
			children = (
				A27180B523A293EA00E9F443 /* AddressView.swift */,
				A206E80B238D65F300786824 /* ContentView.swift */,
				A285870C23AD31C600930566 /* Destination.swift */,
				A27D4BF523A2B4F30055B0B8 /* SettingsView.swift */,
				A2E9E37E23ACF1140049645D /* SignView.swift */,
			);
			path = View;
			sourceTree = "<group>";
		};
		A285870423AD0AF800930566 /* Artwork */ = {
			isa = PBXGroup;
			children = (
				A285870523AD0B0300930566 /* psbt-128.png */,
			);
			path = Artwork;
			sourceTree = "<group>";
		};
/* End PBXGroup section */

/* Begin PBXNativeTarget section */
		A206E800238D65F300786824 /* NthKey */ = {
			isa = PBXNativeTarget;
			buildConfigurationList = A206E82E238D65FC00786824 /* Build configuration list for PBXNativeTarget "NthKey" */;
			buildPhases = (
				837479018739045E1296A47C /* [CP] Check Pods Manifest.lock */,
				A206E7FD238D65F300786824 /* Sources */,
				A206E7FE238D65F300786824 /* Frameworks */,
				A206E7FF238D65F300786824 /* Resources */,
				B787AEE348A13FEA86C55965 /* [CP] Embed Pods Frameworks */,
			);
			buildRules = (
			);
			dependencies = (
			);
			name = NthKey;
			productName = Multisig;
			productReference = A206E801238D65F300786824 /* NthKey.app */;
			productType = "com.apple.product-type.application";
		};
		A206E819238D65FC00786824 /* NthKeyTests */ = {
			isa = PBXNativeTarget;
			buildConfigurationList = A206E831238D65FC00786824 /* Build configuration list for PBXNativeTarget "NthKeyTests" */;
			buildPhases = (
				5DC753AB80B556F113FB6A46 /* [CP] Check Pods Manifest.lock */,
				A206E816238D65FC00786824 /* Sources */,
				A206E817238D65FC00786824 /* Frameworks */,
				A206E818238D65FC00786824 /* Resources */,
			);
			buildRules = (
			);
			dependencies = (
				A206E81C238D65FC00786824 /* PBXTargetDependency */,
			);
			name = NthKeyTests;
			productName = MultisigTests;
			productReference = A206E81A238D65FC00786824 /* NthKeyTests.xctest */;
			productType = "com.apple.product-type.bundle.unit-test";
		};
		A206E824238D65FC00786824 /* NthKeyUITests */ = {
			isa = PBXNativeTarget;
			buildConfigurationList = A206E834238D65FC00786824 /* Build configuration list for PBXNativeTarget "NthKeyUITests" */;
			buildPhases = (
				091652AD0ECBECFB1FCA5CCD /* [CP] Check Pods Manifest.lock */,
				A206E821238D65FC00786824 /* Sources */,
				A206E822238D65FC00786824 /* Frameworks */,
				A206E823238D65FC00786824 /* Resources */,
				B2DF31B1C0D6B762A14CF5F7 /* [CP] Embed Pods Frameworks */,
			);
			buildRules = (
			);
			dependencies = (
				A206E827238D65FC00786824 /* PBXTargetDependency */,
			);
			name = NthKeyUITests;
			productName = MultisigUITests;
			productReference = A206E825238D65FC00786824 /* NthKeyUITests.xctest */;
			productType = "com.apple.product-type.bundle.ui-testing";
		};
/* End PBXNativeTarget section */

/* Begin PBXProject section */
		A206E7F9238D65F300786824 /* Project object */ = {
			isa = PBXProject;
			attributes = {
				LastSwiftUpdateCheck = 1120;
				LastUpgradeCheck = 1120;
				ORGANIZATIONNAME = "Purple Dunes";
				TargetAttributes = {
					A206E800238D65F300786824 = {
						CreatedOnToolsVersion = 11.2.1;
					};
					A206E819238D65FC00786824 = {
						CreatedOnToolsVersion = 11.2.1;
						TestTargetID = A206E800238D65F300786824;
					};
					A206E824238D65FC00786824 = {
						CreatedOnToolsVersion = 11.2.1;
						TestTargetID = A206E800238D65F300786824;
					};
				};
			};
			buildConfigurationList = A206E7FC238D65F300786824 /* Build configuration list for PBXProject "NthKey" */;
			compatibilityVersion = "Xcode 9.3";
			developmentRegion = en;
			hasScannedForEncodings = 0;
			knownRegions = (
				en,
				Base,
			);
			mainGroup = A206E7F8238D65F300786824;
			productRefGroup = A206E802238D65F300786824 /* Products */;
			projectDirPath = "";
			projectRoot = "";
			targets = (
				A206E800238D65F300786824 /* NthKey */,
				A206E819238D65FC00786824 /* NthKeyTests */,
				A206E824238D65FC00786824 /* NthKeyUITests */,
			);
		};
/* End PBXProject section */

/* Begin PBXResourcesBuildPhase section */
		A206E7FF238D65F300786824 /* Resources */ = {
			isa = PBXResourcesBuildPhase;
			buildActionMask = 2147483647;
			files = (
				A206E814238D65FB00786824 /* LaunchScreen.storyboard in Resources */,
				A285870623AD0B0300930566 /* psbt-128.png in Resources */,
				A206E811238D65FB00786824 /* Preview Assets.xcassets in Resources */,
				A29DAAC3239180CC006B38D9 /* README.md in Resources */,
				A206E80E238D65FB00786824 /* Assets.xcassets in Resources */,
			);
			runOnlyForDeploymentPostprocessing = 0;
		};
		A206E818238D65FC00786824 /* Resources */ = {
			isa = PBXResourcesBuildPhase;
			buildActionMask = 2147483647;
			files = (
			);
			runOnlyForDeploymentPostprocessing = 0;
		};
		A206E823238D65FC00786824 /* Resources */ = {
			isa = PBXResourcesBuildPhase;
			buildActionMask = 2147483647;
			files = (
			);
			runOnlyForDeploymentPostprocessing = 0;
		};
/* End PBXResourcesBuildPhase section */

/* Begin PBXShellScriptBuildPhase section */
		091652AD0ECBECFB1FCA5CCD /* [CP] Check Pods Manifest.lock */ = {
			isa = PBXShellScriptBuildPhase;
			buildActionMask = 2147483647;
			files = (
			);
			inputFileListPaths = (
			);
			inputPaths = (
				"${PODS_PODFILE_DIR_PATH}/Podfile.lock",
				"${PODS_ROOT}/Manifest.lock",
			);
			name = "[CP] Check Pods Manifest.lock";
			outputFileListPaths = (
			);
			outputPaths = (
				"$(DERIVED_FILE_DIR)/Pods-NthKey-NthKeyUITests-checkManifestLockResult.txt",
			);
			runOnlyForDeploymentPostprocessing = 0;
			shellPath = /bin/sh;
			shellScript = "diff \"${PODS_PODFILE_DIR_PATH}/Podfile.lock\" \"${PODS_ROOT}/Manifest.lock\" > /dev/null\nif [ $? != 0 ] ; then\n    # print error to STDERR\n    echo \"error: The sandbox is not in sync with the Podfile.lock. Run 'pod install' or update your CocoaPods installation.\" >&2\n    exit 1\nfi\n# This output is used by Xcode 'outputs' to avoid re-running this script phase.\necho \"SUCCESS\" > \"${SCRIPT_OUTPUT_FILE_0}\"\n";
			showEnvVarsInLog = 0;
		};
		5DC753AB80B556F113FB6A46 /* [CP] Check Pods Manifest.lock */ = {
			isa = PBXShellScriptBuildPhase;
			buildActionMask = 2147483647;
			files = (
			);
			inputFileListPaths = (
			);
			inputPaths = (
				"${PODS_PODFILE_DIR_PATH}/Podfile.lock",
				"${PODS_ROOT}/Manifest.lock",
			);
			name = "[CP] Check Pods Manifest.lock";
			outputFileListPaths = (
			);
			outputPaths = (
				"$(DERIVED_FILE_DIR)/Pods-NthKeyTests-checkManifestLockResult.txt",
			);
			runOnlyForDeploymentPostprocessing = 0;
			shellPath = /bin/sh;
			shellScript = "diff \"${PODS_PODFILE_DIR_PATH}/Podfile.lock\" \"${PODS_ROOT}/Manifest.lock\" > /dev/null\nif [ $? != 0 ] ; then\n    # print error to STDERR\n    echo \"error: The sandbox is not in sync with the Podfile.lock. Run 'pod install' or update your CocoaPods installation.\" >&2\n    exit 1\nfi\n# This output is used by Xcode 'outputs' to avoid re-running this script phase.\necho \"SUCCESS\" > \"${SCRIPT_OUTPUT_FILE_0}\"\n";
			showEnvVarsInLog = 0;
		};
		837479018739045E1296A47C /* [CP] Check Pods Manifest.lock */ = {
			isa = PBXShellScriptBuildPhase;
			buildActionMask = 2147483647;
			files = (
			);
			inputFileListPaths = (
			);
			inputPaths = (
				"${PODS_PODFILE_DIR_PATH}/Podfile.lock",
				"${PODS_ROOT}/Manifest.lock",
			);
			name = "[CP] Check Pods Manifest.lock";
			outputFileListPaths = (
			);
			outputPaths = (
				"$(DERIVED_FILE_DIR)/Pods-NthKey-checkManifestLockResult.txt",
			);
			runOnlyForDeploymentPostprocessing = 0;
			shellPath = /bin/sh;
			shellScript = "diff \"${PODS_PODFILE_DIR_PATH}/Podfile.lock\" \"${PODS_ROOT}/Manifest.lock\" > /dev/null\nif [ $? != 0 ] ; then\n    # print error to STDERR\n    echo \"error: The sandbox is not in sync with the Podfile.lock. Run 'pod install' or update your CocoaPods installation.\" >&2\n    exit 1\nfi\n# This output is used by Xcode 'outputs' to avoid re-running this script phase.\necho \"SUCCESS\" > \"${SCRIPT_OUTPUT_FILE_0}\"\n";
			showEnvVarsInLog = 0;
		};
		B2DF31B1C0D6B762A14CF5F7 /* [CP] Embed Pods Frameworks */ = {
			isa = PBXShellScriptBuildPhase;
			buildActionMask = 2147483647;
			files = (
			);
			inputFileListPaths = (
				"${PODS_ROOT}/Target Support Files/Pods-NthKey-NthKeyUITests/Pods-NthKey-NthKeyUITests-frameworks-${CONFIGURATION}-input-files.xcfilelist",
			);
			name = "[CP] Embed Pods Frameworks";
			outputFileListPaths = (
				"${PODS_ROOT}/Target Support Files/Pods-NthKey-NthKeyUITests/Pods-NthKey-NthKeyUITests-frameworks-${CONFIGURATION}-output-files.xcfilelist",
			);
			runOnlyForDeploymentPostprocessing = 0;
			shellPath = /bin/sh;
			shellScript = "\"${PODS_ROOT}/Target Support Files/Pods-NthKey-NthKeyUITests/Pods-NthKey-NthKeyUITests-frameworks.sh\"\n";
			showEnvVarsInLog = 0;
		};
		B787AEE348A13FEA86C55965 /* [CP] Embed Pods Frameworks */ = {
			isa = PBXShellScriptBuildPhase;
			buildActionMask = 2147483647;
			files = (
			);
			inputFileListPaths = (
				"${PODS_ROOT}/Target Support Files/Pods-NthKey/Pods-NthKey-frameworks-${CONFIGURATION}-input-files.xcfilelist",
			);
			name = "[CP] Embed Pods Frameworks";
			outputFileListPaths = (
				"${PODS_ROOT}/Target Support Files/Pods-NthKey/Pods-NthKey-frameworks-${CONFIGURATION}-output-files.xcfilelist",
			);
			runOnlyForDeploymentPostprocessing = 0;
			shellPath = /bin/sh;
			shellScript = "\"${PODS_ROOT}/Target Support Files/Pods-NthKey/Pods-NthKey-frameworks.sh\"\n";
			showEnvVarsInLog = 0;
		};
/* End PBXShellScriptBuildPhase section */

/* Begin PBXSourcesBuildPhase section */
		A206E7FD238D65F300786824 /* Sources */ = {
			isa = PBXSourcesBuildPhase;
			buildActionMask = 2147483647;
			files = (
				A29DAAC12391657F006B38D9 /* KeychainEntropyItem.swift in Sources */,
				A20D76CE23A406C500A24A38 /* NthKey.xcdatamodeld in Sources */,
				A206E805238D65F300786824 /* AppDelegate.swift in Sources */,
				A206E807238D65F300786824 /* SceneDelegate.swift in Sources */,
				A2229EDE23F9928300231791 /* WalletComposer.swift in Sources */,
				A206E80C238D65F300786824 /* ContentView.swift in Sources */,
				A2067AC123C8549700F46862 /* WalletManager.swift in Sources */,
				A27D4BF623A2B4F30055B0B8 /* SettingsView.swift in Sources */,
				A2C8546023B157F2008E4AA1 /* PSBTManager.swift in Sources */,
				A2E9E38123ACF1A30049645D /* SignViewController.swift in Sources */,
				A27180B623A293EA00E9F443 /* AddressView.swift in Sources */,
				A2C800F523A3943000111EAF /* FileViewControllerManager.swift in Sources */,
				A2E9E37F23ACF1140049645D /* SignView.swift in Sources */,
				A29DAAC523982271006B38D9 /* SettingsViewController.swift in Sources */,
				A285870D23AD31C600930566 /* Destination.swift in Sources */,
				A27180B223A291B500E9F443 /* MultisigAddress.swift in Sources */,
				A27D4BFA23A2BA1A0055B0B8 /* BitcoinCoreImport.swift in Sources */,
				A2F8575F23991354008A44E6 /* Signer.swift in Sources */,
			);
			runOnlyForDeploymentPostprocessing = 0;
		};
		A206E816238D65FC00786824 /* Sources */ = {
			isa = PBXSourcesBuildPhase;
			buildActionMask = 2147483647;
			files = (
				A2229EE023F994C700231791 /* WalletComposerTests.swift in Sources */,
				A27D4BFC23A2BECC0055B0B8 /* BitcoinCoreImportTests.swift in Sources */,
				A206E81F238D65FC00786824 /* MultisigTests.swift in Sources */,
				A2F85761239918FF008A44E6 /* SignerTests.swift in Sources */,
			);
			runOnlyForDeploymentPostprocessing = 0;
		};
		A206E821238D65FC00786824 /* Sources */ = {
			isa = PBXSourcesBuildPhase;
			buildActionMask = 2147483647;
			files = (
				A206E82A238D65FC00786824 /* MultisigUITests.swift in Sources */,
			);
			runOnlyForDeploymentPostprocessing = 0;
		};
/* End PBXSourcesBuildPhase section */

/* Begin PBXTargetDependency section */
		A206E81C238D65FC00786824 /* PBXTargetDependency */ = {
			isa = PBXTargetDependency;
			target = A206E800238D65F300786824 /* NthKey */;
			targetProxy = A206E81B238D65FC00786824 /* PBXContainerItemProxy */;
		};
		A206E827238D65FC00786824 /* PBXTargetDependency */ = {
			isa = PBXTargetDependency;
			target = A206E800238D65F300786824 /* NthKey */;
			targetProxy = A206E826238D65FC00786824 /* PBXContainerItemProxy */;
		};
/* End PBXTargetDependency section */

/* Begin PBXVariantGroup section */
		A206E812238D65FB00786824 /* LaunchScreen.storyboard */ = {
			isa = PBXVariantGroup;
			children = (
				A206E813238D65FB00786824 /* Base */,
			);
			name = LaunchScreen.storyboard;
			sourceTree = "<group>";
		};
/* End PBXVariantGroup section */

/* Begin XCBuildConfiguration section */
		A206E82C238D65FC00786824 /* Debug */ = {
			isa = XCBuildConfiguration;
			buildSettings = {
				ALWAYS_SEARCH_USER_PATHS = NO;
				CLANG_ANALYZER_NONNULL = YES;
				CLANG_ANALYZER_NUMBER_OBJECT_CONVERSION = YES_AGGRESSIVE;
				CLANG_CXX_LANGUAGE_STANDARD = "gnu++14";
				CLANG_CXX_LIBRARY = "libc++";
				CLANG_ENABLE_MODULES = YES;
				CLANG_ENABLE_OBJC_ARC = YES;
				CLANG_ENABLE_OBJC_WEAK = YES;
				CLANG_WARN_BLOCK_CAPTURE_AUTORELEASING = YES;
				CLANG_WARN_BOOL_CONVERSION = YES;
				CLANG_WARN_COMMA = YES;
				CLANG_WARN_CONSTANT_CONVERSION = YES;
				CLANG_WARN_DEPRECATED_OBJC_IMPLEMENTATIONS = YES;
				CLANG_WARN_DIRECT_OBJC_ISA_USAGE = YES_ERROR;
				CLANG_WARN_DOCUMENTATION_COMMENTS = YES;
				CLANG_WARN_EMPTY_BODY = YES;
				CLANG_WARN_ENUM_CONVERSION = YES;
				CLANG_WARN_INFINITE_RECURSION = YES;
				CLANG_WARN_INT_CONVERSION = YES;
				CLANG_WARN_NON_LITERAL_NULL_CONVERSION = YES;
				CLANG_WARN_OBJC_IMPLICIT_RETAIN_SELF = YES;
				CLANG_WARN_OBJC_LITERAL_CONVERSION = YES;
				CLANG_WARN_OBJC_ROOT_CLASS = YES_ERROR;
				CLANG_WARN_RANGE_LOOP_ANALYSIS = YES;
				CLANG_WARN_STRICT_PROTOTYPES = YES;
				CLANG_WARN_SUSPICIOUS_MOVE = YES;
				CLANG_WARN_UNGUARDED_AVAILABILITY = YES_AGGRESSIVE;
				CLANG_WARN_UNREACHABLE_CODE = YES;
				CLANG_WARN__DUPLICATE_METHOD_MATCH = YES;
				COPY_PHASE_STRIP = NO;
				DEBUG_INFORMATION_FORMAT = dwarf;
				ENABLE_STRICT_OBJC_MSGSEND = YES;
				ENABLE_TESTABILITY = YES;
				GCC_C_LANGUAGE_STANDARD = gnu11;
				GCC_DYNAMIC_NO_PIC = NO;
				GCC_NO_COMMON_BLOCKS = YES;
				GCC_OPTIMIZATION_LEVEL = 0;
				GCC_PREPROCESSOR_DEFINITIONS = (
					"DEBUG=1",
					"$(inherited)",
				);
				GCC_WARN_64_TO_32_BIT_CONVERSION = YES;
				GCC_WARN_ABOUT_RETURN_TYPE = YES_ERROR;
				GCC_WARN_UNDECLARED_SELECTOR = YES;
				GCC_WARN_UNINITIALIZED_AUTOS = YES_AGGRESSIVE;
				GCC_WARN_UNUSED_FUNCTION = YES;
				GCC_WARN_UNUSED_VARIABLE = YES;
				IPHONEOS_DEPLOYMENT_TARGET = 13.2;
				MTL_ENABLE_DEBUG_INFO = INCLUDE_SOURCE;
				MTL_FAST_MATH = YES;
				ONLY_ACTIVE_ARCH = YES;
				SDKROOT = iphoneos;
				SWIFT_ACTIVE_COMPILATION_CONDITIONS = DEBUG;
				SWIFT_OPTIMIZATION_LEVEL = "-Onone";
			};
			name = Debug;
		};
		A206E82D238D65FC00786824 /* Release */ = {
			isa = XCBuildConfiguration;
			buildSettings = {
				ALWAYS_SEARCH_USER_PATHS = NO;
				CLANG_ANALYZER_NONNULL = YES;
				CLANG_ANALYZER_NUMBER_OBJECT_CONVERSION = YES_AGGRESSIVE;
				CLANG_CXX_LANGUAGE_STANDARD = "gnu++14";
				CLANG_CXX_LIBRARY = "libc++";
				CLANG_ENABLE_MODULES = YES;
				CLANG_ENABLE_OBJC_ARC = YES;
				CLANG_ENABLE_OBJC_WEAK = YES;
				CLANG_WARN_BLOCK_CAPTURE_AUTORELEASING = YES;
				CLANG_WARN_BOOL_CONVERSION = YES;
				CLANG_WARN_COMMA = YES;
				CLANG_WARN_CONSTANT_CONVERSION = YES;
				CLANG_WARN_DEPRECATED_OBJC_IMPLEMENTATIONS = YES;
				CLANG_WARN_DIRECT_OBJC_ISA_USAGE = YES_ERROR;
				CLANG_WARN_DOCUMENTATION_COMMENTS = YES;
				CLANG_WARN_EMPTY_BODY = YES;
				CLANG_WARN_ENUM_CONVERSION = YES;
				CLANG_WARN_INFINITE_RECURSION = YES;
				CLANG_WARN_INT_CONVERSION = YES;
				CLANG_WARN_NON_LITERAL_NULL_CONVERSION = YES;
				CLANG_WARN_OBJC_IMPLICIT_RETAIN_SELF = YES;
				CLANG_WARN_OBJC_LITERAL_CONVERSION = YES;
				CLANG_WARN_OBJC_ROOT_CLASS = YES_ERROR;
				CLANG_WARN_RANGE_LOOP_ANALYSIS = YES;
				CLANG_WARN_STRICT_PROTOTYPES = YES;
				CLANG_WARN_SUSPICIOUS_MOVE = YES;
				CLANG_WARN_UNGUARDED_AVAILABILITY = YES_AGGRESSIVE;
				CLANG_WARN_UNREACHABLE_CODE = YES;
				CLANG_WARN__DUPLICATE_METHOD_MATCH = YES;
				COPY_PHASE_STRIP = NO;
				DEBUG_INFORMATION_FORMAT = "dwarf-with-dsym";
				ENABLE_NS_ASSERTIONS = NO;
				ENABLE_STRICT_OBJC_MSGSEND = YES;
				GCC_C_LANGUAGE_STANDARD = gnu11;
				GCC_NO_COMMON_BLOCKS = YES;
				GCC_WARN_64_TO_32_BIT_CONVERSION = YES;
				GCC_WARN_ABOUT_RETURN_TYPE = YES_ERROR;
				GCC_WARN_UNDECLARED_SELECTOR = YES;
				GCC_WARN_UNINITIALIZED_AUTOS = YES_AGGRESSIVE;
				GCC_WARN_UNUSED_FUNCTION = YES;
				GCC_WARN_UNUSED_VARIABLE = YES;
				IPHONEOS_DEPLOYMENT_TARGET = 13.2;
				MTL_ENABLE_DEBUG_INFO = NO;
				MTL_FAST_MATH = YES;
				SDKROOT = iphoneos;
				SWIFT_COMPILATION_MODE = wholemodule;
				SWIFT_OPTIMIZATION_LEVEL = "-O";
				VALIDATE_PRODUCT = YES;
			};
			name = Release;
		};
		A206E82F238D65FC00786824 /* Debug */ = {
			isa = XCBuildConfiguration;
			baseConfigurationReference = DCA6C0E2D91C14D0C6B5CF70 /* Pods-NthKey.debug.xcconfig */;
			buildSettings = {
				ASSETCATALOG_COMPILER_APPICON_NAME = AppIcon;
				CODE_SIGN_STYLE = Automatic;
				CURRENT_PROJECT_VERSION = 4;
				DEVELOPMENT_ASSET_PATHS = "\"NthKey/Preview Content\"";
				DEVELOPMENT_TEAM = 227MFQPYQ4;
				ENABLE_PREVIEWS = YES;
				INFOPLIST_FILE = "$(SRCROOT)/NthKey/Info.plist";
				IPHONEOS_DEPLOYMENT_TARGET = 13.2;
				LD_RUNPATH_SEARCH_PATHS = (
					"$(inherited)",
					"@executable_path/Frameworks",
				);
				MARKETING_VERSION = 0.0.4;
				PRODUCT_BUNDLE_IDENTIFIER = com.nthkey.app;
				PRODUCT_NAME = NthKey;
				SWIFT_VERSION = 5.0;
				TARGETED_DEVICE_FAMILY = "1,2";
			};
			name = Debug;
		};
		A206E830238D65FC00786824 /* Release */ = {
			isa = XCBuildConfiguration;
			baseConfigurationReference = C15308E93FE31FF32769F0F6 /* Pods-NthKey.release.xcconfig */;
			buildSettings = {
				ASSETCATALOG_COMPILER_APPICON_NAME = AppIcon;
				CODE_SIGN_STYLE = Automatic;
				CURRENT_PROJECT_VERSION = 4;
				DEVELOPMENT_ASSET_PATHS = "\"NthKey/Preview Content\"";
				DEVELOPMENT_TEAM = 227MFQPYQ4;
				ENABLE_PREVIEWS = YES;
				INFOPLIST_FILE = "$(SRCROOT)/NthKey/Info.plist";
				IPHONEOS_DEPLOYMENT_TARGET = 13.2;
				LD_RUNPATH_SEARCH_PATHS = (
					"$(inherited)",
					"@executable_path/Frameworks",
				);
				MARKETING_VERSION = 0.0.4;
				PRODUCT_BUNDLE_IDENTIFIER = com.nthkey.app;
				PRODUCT_NAME = NthKey;
				SWIFT_VERSION = 5.0;
				TARGETED_DEVICE_FAMILY = "1,2";
			};
			name = Release;
		};
		A206E832238D65FC00786824 /* Debug */ = {
			isa = XCBuildConfiguration;
			baseConfigurationReference = 84AF76B40CC938375286A873 /* Pods-NthKeyTests.debug.xcconfig */;
			buildSettings = {
				ALWAYS_EMBED_SWIFT_STANDARD_LIBRARIES = YES;
				BUNDLE_LOADER = "$(TEST_HOST)";
				CODE_SIGN_STYLE = Automatic;
				DEVELOPMENT_TEAM = 227MFQPYQ4;
				INFOPLIST_FILE = NthKeyTests/Info.plist;
				IPHONEOS_DEPLOYMENT_TARGET = 13.2;
				LD_RUNPATH_SEARCH_PATHS = (
					"$(inherited)",
					"@executable_path/Frameworks",
					"@loader_path/Frameworks",
				);
				PRODUCT_BUNDLE_IDENTIFIER = com.nthkey.NthKeyTests;
				PRODUCT_NAME = "$(TARGET_NAME)";
				SWIFT_VERSION = 5.0;
				TARGETED_DEVICE_FAMILY = "1,2";
				TEST_HOST = "$(BUILT_PRODUCTS_DIR)/NthKey.app/NthKey";
			};
			name = Debug;
		};
		A206E833238D65FC00786824 /* Release */ = {
			isa = XCBuildConfiguration;
			baseConfigurationReference = D563F384D6FB8028F125CBCA /* Pods-NthKeyTests.release.xcconfig */;
			buildSettings = {
				ALWAYS_EMBED_SWIFT_STANDARD_LIBRARIES = YES;
				BUNDLE_LOADER = "$(TEST_HOST)";
				CODE_SIGN_STYLE = Automatic;
				DEVELOPMENT_TEAM = 227MFQPYQ4;
				INFOPLIST_FILE = NthKeyTests/Info.plist;
				IPHONEOS_DEPLOYMENT_TARGET = 13.2;
				LD_RUNPATH_SEARCH_PATHS = (
					"$(inherited)",
					"@executable_path/Frameworks",
					"@loader_path/Frameworks",
				);
				PRODUCT_BUNDLE_IDENTIFIER = com.nthkey.NthKeyTests;
				PRODUCT_NAME = "$(TARGET_NAME)";
				SWIFT_VERSION = 5.0;
				TARGETED_DEVICE_FAMILY = "1,2";
				TEST_HOST = "$(BUILT_PRODUCTS_DIR)/NthKey.app/NthKey";
			};
			name = Release;
		};
		A206E835238D65FC00786824 /* Debug */ = {
			isa = XCBuildConfiguration;
			baseConfigurationReference = 961606B1A1E0A92814FFB0B7 /* Pods-NthKey-NthKeyUITests.debug.xcconfig */;
			buildSettings = {
				ALWAYS_EMBED_SWIFT_STANDARD_LIBRARIES = YES;
				CODE_SIGN_STYLE = Automatic;
				DEVELOPMENT_TEAM = 227MFQPYQ4;
				INFOPLIST_FILE = NthKeyUITests/Info.plist;
				LD_RUNPATH_SEARCH_PATHS = (
					"$(inherited)",
					"@executable_path/Frameworks",
					"@loader_path/Frameworks",
				);
				PRODUCT_BUNDLE_IDENTIFIER = com.nthkey.NthKeyUITests;
				PRODUCT_NAME = "$(TARGET_NAME)";
				SWIFT_VERSION = 5.0;
				TARGETED_DEVICE_FAMILY = "1,2";
				TEST_TARGET_NAME = NthKey;
			};
			name = Debug;
		};
		A206E836238D65FC00786824 /* Release */ = {
			isa = XCBuildConfiguration;
			baseConfigurationReference = 84F9C6E2BA22077B17980104 /* Pods-NthKey-NthKeyUITests.release.xcconfig */;
			buildSettings = {
				ALWAYS_EMBED_SWIFT_STANDARD_LIBRARIES = YES;
				CODE_SIGN_STYLE = Automatic;
				DEVELOPMENT_TEAM = 227MFQPYQ4;
				INFOPLIST_FILE = NthKeyUITests/Info.plist;
				LD_RUNPATH_SEARCH_PATHS = (
					"$(inherited)",
					"@executable_path/Frameworks",
					"@loader_path/Frameworks",
				);
				PRODUCT_BUNDLE_IDENTIFIER = com.nthkey.NthKeyUITests;
				PRODUCT_NAME = "$(TARGET_NAME)";
				SWIFT_VERSION = 5.0;
				TARGETED_DEVICE_FAMILY = "1,2";
				TEST_TARGET_NAME = NthKey;
			};
			name = Release;
		};
/* End XCBuildConfiguration section */

/* Begin XCConfigurationList section */
		A206E7FC238D65F300786824 /* Build configuration list for PBXProject "NthKey" */ = {
			isa = XCConfigurationList;
			buildConfigurations = (
				A206E82C238D65FC00786824 /* Debug */,
				A206E82D238D65FC00786824 /* Release */,
			);
			defaultConfigurationIsVisible = 0;
			defaultConfigurationName = Release;
		};
		A206E82E238D65FC00786824 /* Build configuration list for PBXNativeTarget "NthKey" */ = {
			isa = XCConfigurationList;
			buildConfigurations = (
				A206E82F238D65FC00786824 /* Debug */,
				A206E830238D65FC00786824 /* Release */,
			);
			defaultConfigurationIsVisible = 0;
			defaultConfigurationName = Release;
		};
		A206E831238D65FC00786824 /* Build configuration list for PBXNativeTarget "NthKeyTests" */ = {
			isa = XCConfigurationList;
			buildConfigurations = (
				A206E832238D65FC00786824 /* Debug */,
				A206E833238D65FC00786824 /* Release */,
			);
			defaultConfigurationIsVisible = 0;
			defaultConfigurationName = Release;
		};
		A206E834238D65FC00786824 /* Build configuration list for PBXNativeTarget "NthKeyUITests" */ = {
			isa = XCConfigurationList;
			buildConfigurations = (
				A206E835238D65FC00786824 /* Debug */,
				A206E836238D65FC00786824 /* Release */,
			);
			defaultConfigurationIsVisible = 0;
			defaultConfigurationName = Release;
		};
/* End XCConfigurationList section */
	};
	rootObject = A206E7F9238D65F300786824 /* Project object */;
}
